// !$*UTF8*$!
{
	archiveVersion = 1;
	classes = {
	};
	objectVersion = 56;
	objects = {

/* Begin PBXBuildFile section */
		182772C02C1E6B75007428C0 /* Order.swift in Sources */ = {isa = PBXBuildFile; fileRef = 182772BF2C1E6B75007428C0 /* Order.swift */; };
		182772C42C1E7303007428C0 /* OrderConfirmedViewController.swift in Sources */ = {isa = PBXBuildFile; fileRef = 182772C32C1E7303007428C0 /* OrderConfirmedViewController.swift */; };
		1829BFB62C0E8AC3004FA5D4 /* AddressesViewController.swift in Sources */ = {isa = PBXBuildFile; fileRef = 1829BFB52C0E8AC3004FA5D4 /* AddressesViewController.swift */; };
		1829BFB82C0E8AD3004FA5D4 /* NewAddressViewController.swift in Sources */ = {isa = PBXBuildFile; fileRef = 1829BFB72C0E8AD3004FA5D4 /* NewAddressViewController.swift */; };
		1851C0CE2C165DED00849BB6 /* ShoppingCartViewController.swift in Sources */ = {isa = PBXBuildFile; fileRef = 1851C0CD2C165DED00849BB6 /* ShoppingCartViewController.swift */; };
		1851C0D02C165E0700849BB6 /* ShoppingCartTableViewCell.swift in Sources */ = {isa = PBXBuildFile; fileRef = 1851C0CF2C165E0700849BB6 /* ShoppingCartTableViewCell.swift */; };
		1851C0D22C16793F00849BB6 /* DraftOrder.swift in Sources */ = {isa = PBXBuildFile; fileRef = 1851C0D12C16793F00849BB6 /* DraftOrder.swift */; };
		1851C0D42C1679A500849BB6 /* ShoppingCartViewModel.swift in Sources */ = {isa = PBXBuildFile; fileRef = 1851C0D32C1679A500849BB6 /* ShoppingCartViewModel.swift */; };
		186303C82C1AD01500A33B58 /* SettingViewModel.swift in Sources */ = {isa = PBXBuildFile; fileRef = 186303C72C1AD01500A33B58 /* SettingViewModel.swift */; };
		186303CA2C1ADBAF00A33B58 /* CurrencyService.swift in Sources */ = {isa = PBXBuildFile; fileRef = 186303C92C1ADBAF00A33B58 /* CurrencyService.swift */; };
		186303CC2C1ADCD900A33B58 /* Currency.swift in Sources */ = {isa = PBXBuildFile; fileRef = 186303CB2C1ADCD900A33B58 /* Currency.swift */; };
		1866D8092C14AEFD00E7C47C /* MenuListViewController.swift in Sources */ = {isa = PBXBuildFile; fileRef = 1866D8082C14AEFD00E7C47C /* MenuListViewController.swift */; };
		1866D80B2C14AF3F00E7C47C /* Country.swift in Sources */ = {isa = PBXBuildFile; fileRef = 1866D80A2C14AF3F00E7C47C /* Country.swift */; };
		1866D80D2C14B0E000E7C47C /* DataLoader.swift in Sources */ = {isa = PBXBuildFile; fileRef = 1866D80C2C14B0E000E7C47C /* DataLoader.swift */; };
		1866D80F2C14B83200E7C47C /* countries.json in Resources */ = {isa = PBXBuildFile; fileRef = 1866D80E2C14B83200E7C47C /* countries.json */; };
		187029C62C1FF237004AF09B /* RealmManager.swift in Sources */ = {isa = PBXBuildFile; fileRef = 187029C52C1FF237004AF09B /* RealmManager.swift */; };
		187029C82C1FF310004AF09B /* RealmDraftOrder.swift in Sources */ = {isa = PBXBuildFile; fileRef = 187029C72C1FF310004AF09B /* RealmDraftOrder.swift */; };
		1877DC3D2C138BC0002F709E /* Address.swift in Sources */ = {isa = PBXBuildFile; fileRef = 1877DC3C2C138BC0002F709E /* Address.swift */; };
		1877DC3F2C138C2B002F709E /* AddressesTableViewCell.swift in Sources */ = {isa = PBXBuildFile; fileRef = 1877DC3E2C138C2B002F709E /* AddressesTableViewCell.swift */; };
		1877DC412C13A4F9002F709E /* NewAddressViewModel.swift in Sources */ = {isa = PBXBuildFile; fileRef = 1877DC402C13A4F9002F709E /* NewAddressViewModel.swift */; };
		18DA18D92C0E6B9D00D82C46 /* SettingViewController.swift in Sources */ = {isa = PBXBuildFile; fileRef = 18DA18D82C0E6B9D00D82C46 /* SettingViewController.swift */; };
		18DA18DB2C0E6BCE00D82C46 /* ContactUsViewController.swift in Sources */ = {isa = PBXBuildFile; fileRef = 18DA18DA2C0E6BCE00D82C46 /* ContactUsViewController.swift */; };
		18DA18DD2C0E6BE700D82C46 /* AboutUsViewController.swift in Sources */ = {isa = PBXBuildFile; fileRef = 18DA18DC2C0E6BE700D82C46 /* AboutUsViewController.swift */; };
		18DA18DF2C0E757900D82C46 /* Storyboard.swift in Sources */ = {isa = PBXBuildFile; fileRef = 18DA18DE2C0E757900D82C46 /* Storyboard.swift */; };
		18F0AC292C1CA9CD00BDE7C0 /* PaymentViewController.swift in Sources */ = {isa = PBXBuildFile; fileRef = 18F0AC282C1CA9CD00BDE7C0 /* PaymentViewController.swift */; };
		18F0AC2B2C1CAA1800BDE7C0 /* PaymentViewModel.swift in Sources */ = {isa = PBXBuildFile; fileRef = 18F0AC2A2C1CAA1800BDE7C0 /* PaymentViewModel.swift */; };
		18F0AC2D2C1D189E00BDE7C0 /* MockPaymentProcessor.swift in Sources */ = {isa = PBXBuildFile; fileRef = 18F0AC2C2C1D189E00BDE7C0 /* MockPaymentProcessor.swift */; };
		18F0AC2F2C1D394800BDE7C0 /* PaymentMethodViewController.swift in Sources */ = {isa = PBXBuildFile; fileRef = 18F0AC2E2C1D394800BDE7C0 /* PaymentMethodViewController.swift */; };
		18F0AC312C1D46C700BDE7C0 /* PaymentMethodViewModel.swift in Sources */ = {isa = PBXBuildFile; fileRef = 18F0AC302C1D46C700BDE7C0 /* PaymentMethodViewModel.swift */; };
		18F46ADD2C17CCE600A31A97 /* Variant.swift in Sources */ = {isa = PBXBuildFile; fileRef = 18F46ADC2C17CCE600A31A97 /* Variant.swift */; };
		18FEA7322C13866500F16304 /* AddressesViewModel.swift in Sources */ = {isa = PBXBuildFile; fileRef = 18FEA7312C13866500F16304 /* AddressesViewModel.swift */; };
		390BD40F2C1EF682007D4609 /* ProfileViewController.swift in Sources */ = {isa = PBXBuildFile; fileRef = 390BD40E2C1EF682007D4609 /* ProfileViewController.swift */; };
		390BD4112C1EF691007D4609 /* ProfileViewModel.swift in Sources */ = {isa = PBXBuildFile; fileRef = 390BD4102C1EF691007D4609 /* ProfileViewModel.swift */; };
		390BD4142C1F0106007D4609 /* OrdersModel.swift in Sources */ = {isa = PBXBuildFile; fileRef = 390BD4132C1F0106007D4609 /* OrdersModel.swift */; };
		391098DE2C1355C1005CEE7B /* ReviewsViewController.swift in Sources */ = {isa = PBXBuildFile; fileRef = 391098DD2C1355C1005CEE7B /* ReviewsViewController.swift */; };
		391098E22C1355DD005CEE7B /* ReviewTableViewCell.swift in Sources */ = {isa = PBXBuildFile; fileRef = 391098DF2C1355DD005CEE7B /* ReviewTableViewCell.swift */; };
		391098E32C1355DD005CEE7B /* ReviewTableViewCell.xib in Resources */ = {isa = PBXBuildFile; fileRef = 391098E02C1355DD005CEE7B /* ReviewTableViewCell.xib */; };
		391098E42C1355DD005CEE7B /* ProductsInfoViewController.swift in Sources */ = {isa = PBXBuildFile; fileRef = 391098E12C1355DD005CEE7B /* ProductsInfoViewController.swift */; };
		391098E62C1355F1005CEE7B /* Review.swift in Sources */ = {isa = PBXBuildFile; fileRef = 391098E52C1355F1005CEE7B /* Review.swift */; };
		3911822F2C1DBE4C00C3C4B7 /* UtilMethods.swift in Sources */ = {isa = PBXBuildFile; fileRef = 3911822E2C1DBE4C00C3C4B7 /* UtilMethods.swift */; };
		391182312C1DBEB000C3C4B7 /* UserDefaultsManager.swift in Sources */ = {isa = PBXBuildFile; fileRef = 391182302C1DBEB000C3C4B7 /* UserDefaultsManager.swift */; };
		395870902C10DE9300016FA0 /* GeneralLoginViewController.swift in Sources */ = {isa = PBXBuildFile; fileRef = 3958708F2C10DE9300016FA0 /* GeneralLoginViewController.swift */; };
		395870922C10DE9D00016FA0 /* LoginWithEmailViewController.swift in Sources */ = {isa = PBXBuildFile; fileRef = 395870912C10DE9D00016FA0 /* LoginWithEmailViewController.swift */; };
		395870952C10DEE000016FA0 /* SignUpViewController.swift in Sources */ = {isa = PBXBuildFile; fileRef = 395870942C10DEE000016FA0 /* SignUpViewController.swift */; };
		395870972C10DEEE00016FA0 /* GoogleService-Info.plist in Resources */ = {isa = PBXBuildFile; fileRef = 395870962C10DEEE00016FA0 /* GoogleService-Info.plist */; };
		3958709B2C10DF9500016FA0 /* AuthenticationManager.swift in Sources */ = {isa = PBXBuildFile; fileRef = 3958709A2C10DF9500016FA0 /* AuthenticationManager.swift */; };
		3958709E2C10E03C00016FA0 /* FirebaseAnalytics in Frameworks */ = {isa = PBXBuildFile; productRef = 3958709D2C10E03C00016FA0 /* FirebaseAnalytics */; };
		395870A02C10E03C00016FA0 /* FirebaseAnalyticsSwift in Frameworks */ = {isa = PBXBuildFile; productRef = 3958709F2C10E03C00016FA0 /* FirebaseAnalyticsSwift */; };
		395870A22C10E03C00016FA0 /* FirebaseAuth in Frameworks */ = {isa = PBXBuildFile; productRef = 395870A12C10E03C00016FA0 /* FirebaseAuth */; };
		395870A52C10E08800016FA0 /* GoogleSignIn in Frameworks */ = {isa = PBXBuildFile; productRef = 395870A42C10E08800016FA0 /* GoogleSignIn */; };
		395870A72C10E08800016FA0 /* GoogleSignInSwift in Frameworks */ = {isa = PBXBuildFile; productRef = 395870A62C10E08800016FA0 /* GoogleSignInSwift */; };
		397B603A2C18501100ED6BAF /* ProductInfoViewModel.swift in Sources */ = {isa = PBXBuildFile; fileRef = 397B60392C18501100ED6BAF /* ProductInfoViewModel.swift */; };
		397B60412C18611500ED6BAF /* GeneralLoginViewModel.swift in Sources */ = {isa = PBXBuildFile; fileRef = 397B60402C18611500ED6BAF /* GeneralLoginViewModel.swift */; };
		397B60442C18644C00ED6BAF /* LoginWithEmailViewModel.swift in Sources */ = {isa = PBXBuildFile; fileRef = 397B60432C18644C00ED6BAF /* LoginWithEmailViewModel.swift */; };
		397B60472C18660F00ED6BAF /* SignUpViewModel.swift in Sources */ = {isa = PBXBuildFile; fileRef = 397B60462C18660F00ED6BAF /* SignUpViewModel.swift */; };
		397B60492C18684E00ED6BAF /* ReviewsViewModel.swift in Sources */ = {isa = PBXBuildFile; fileRef = 397B60482C18684E00ED6BAF /* ReviewsViewModel.swift */; };
		397B604F2C18757200ED6BAF /* WishListViewController.swift in Sources */ = {isa = PBXBuildFile; fileRef = 397B604E2C18757200ED6BAF /* WishListViewController.swift */; };
		397B60552C18770300ED6BAF /* Item.swift in Sources */ = {isa = PBXBuildFile; fileRef = 397B60542C18770300ED6BAF /* Item.swift */; };
		397B60582C18773000ED6BAF /* WishListViewModel.swift in Sources */ = {isa = PBXBuildFile; fileRef = 397B60572C18773000ED6BAF /* WishListViewModel.swift */; };
		397FAC322C13537B005499BA /* ProductCollectionXIBCell.swift in Sources */ = {isa = PBXBuildFile; fileRef = 397FAC302C13537B005499BA /* ProductCollectionXIBCell.swift */; };
		397FAC332C13537B005499BA /* ProductCollectionXIBCell.xib in Resources */ = {isa = PBXBuildFile; fileRef = 397FAC312C13537B005499BA /* ProductCollectionXIBCell.xib */; };
		3988D3B62C13517E001ACA95 /* TabBar.swift in Sources */ = {isa = PBXBuildFile; fileRef = 3988D3B52C13517E001ACA95 /* TabBar.swift */; };
		399564D82C1353F400AD4AC4 /* BrandsCollectionCell.swift in Sources */ = {isa = PBXBuildFile; fileRef = 399564D62C1353F400AD4AC4 /* BrandsCollectionCell.swift */; };
		399564D92C1353F400AD4AC4 /* AdsCollectionCell.swift in Sources */ = {isa = PBXBuildFile; fileRef = 399564D72C1353F400AD4AC4 /* AdsCollectionCell.swift */; };
		39A0774E2C14EB3B00472C38 /* Customer.swift in Sources */ = {isa = PBXBuildFile; fileRef = 39A0774D2C14EB3B00472C38 /* Customer.swift */; };
		39A6C5E22C1B8127006A399E /* WishCollectionViewCell.xib in Resources */ = {isa = PBXBuildFile; fileRef = 39A6C5E12C1B8127006A399E /* WishCollectionViewCell.xib */; };
		39A6C5E32C1B8127006A399E /* WishCollectionViewCell.swift in Sources */ = {isa = PBXBuildFile; fileRef = 39A6C5E02C1B8127006A399E /* WishCollectionViewCell.swift */; };
		39D20DDA2C133D050093AC66 /* AdsItem.swift in Sources */ = {isa = PBXBuildFile; fileRef = 39D20DD92C133D050093AC66 /* AdsItem.swift */; };
		39D20DFB2C1348160093AC66 /* ProductsScreenViewController.swift in Sources */ = {isa = PBXBuildFile; fileRef = 39D20DFA2C1348160093AC66 /* ProductsScreenViewController.swift */; };
		39E1F7AB2C16117600C00575 /* FirebaseFirestore in Frameworks */ = {isa = PBXBuildFile; productRef = 39E1F7AA2C16117600C00575 /* FirebaseFirestore */; };
		39E1F7AD2C16117600C00575 /* FirebaseFirestoreSwift in Frameworks */ = {isa = PBXBuildFile; productRef = 39E1F7AC2C16117600C00575 /* FirebaseFirestoreSwift */; };
		39F211652C13522400ECFA41 /* ProfileScreenViewController.swift in Sources */ = {isa = PBXBuildFile; fileRef = 39F211642C13522400ECFA41 /* ProfileScreenViewController.swift */; };
		39F33E2A2C175A8500B211DF /* DraftOrderr.swift in Sources */ = {isa = PBXBuildFile; fileRef = 39F33E292C175A8500B211DF /* DraftOrderr.swift */; };
		4A4A46782C20B4FE0079C05B /* NetworkService.swift in Sources */ = {isa = PBXBuildFile; fileRef = 4A4A46772C20B4FE0079C05B /* NetworkService.swift */; };
		4A5E44432C135E8900695AA9 /* CategoryScreenViewController.swift in Sources */ = {isa = PBXBuildFile; fileRef = 39D20DDB2C133D2C0093AC66 /* CategoryScreenViewController.swift */; };
		4A61F67B2C1F6A7200D6DEE0 /* SignInOrGuestViewController.swift in Sources */ = {isa = PBXBuildFile; fileRef = 4A61F67A2C1F6A7200D6DEE0 /* SignInOrGuestViewController.swift */; };
		4AA8E1982C14949700F5F07B /* HomeScreenViewModel.swift in Sources */ = {isa = PBXBuildFile; fileRef = 4AA8E1972C14949700F5F07B /* HomeScreenViewModel.swift */; };
		4AA8E19A2C149EBE00F5F07B /* Brands.swift in Sources */ = {isa = PBXBuildFile; fileRef = 4AA8E1992C149EBE00F5F07B /* Brands.swift */; };
		4AA8E19D2C14C75E00F5F07B /* BrandsCollectionXIBCell.swift in Sources */ = {isa = PBXBuildFile; fileRef = 4AA8E19B2C14C75E00F5F07B /* BrandsCollectionXIBCell.swift */; };
		4AA8E19E2C14C75E00F5F07B /* BrandsCollectionXIBCell.xib in Resources */ = {isa = PBXBuildFile; fileRef = 4AA8E19C2C14C75E00F5F07B /* BrandsCollectionXIBCell.xib */; };
		4AA8E1A42C14E27600F5F07B /* ProductScreenViewModel.swift in Sources */ = {isa = PBXBuildFile; fileRef = 4AA8E1A32C14E27600F5F07B /* ProductScreenViewModel.swift */; };
		4AA8E1A62C14F56400F5F07B /* Products.swift in Sources */ = {isa = PBXBuildFile; fileRef = 4AA8E1A52C14F56400F5F07B /* Products.swift */; };
		4AAD6C2F2C186C6F00237FE2 /* CategoryScreenViewModel.swift in Sources */ = {isa = PBXBuildFile; fileRef = 4AAD6C2E2C186C6F00237FE2 /* CategoryScreenViewModel.swift */; };
		4AC7C5102C1C87A400031AAF /* OnBoardingOneViewController.swift in Sources */ = {isa = PBXBuildFile; fileRef = 4AC7C50F2C1C87A400031AAF /* OnBoardingOneViewController.swift */; };
		4AC7C5122C1C87B600031AAF /* OnBoardingTwoViewController.swift in Sources */ = {isa = PBXBuildFile; fileRef = 4AC7C5112C1C87B600031AAF /* OnBoardingTwoViewController.swift */; };
		4AC7C5142C1C87C700031AAF /* OnBoardingThreeViewController.swift in Sources */ = {isa = PBXBuildFile; fileRef = 4AC7C5132C1C87C700031AAF /* OnBoardingThreeViewController.swift */; };
		4AD192A02C0CEAFA00EF34D0 /* AppDelegate.swift in Sources */ = {isa = PBXBuildFile; fileRef = 4AD1929F2C0CEAFA00EF34D0 /* AppDelegate.swift */; };
		4AD192A22C0CEAFA00EF34D0 /* SceneDelegate.swift in Sources */ = {isa = PBXBuildFile; fileRef = 4AD192A12C0CEAFA00EF34D0 /* SceneDelegate.swift */; };
		4AD192A42C0CEAFA00EF34D0 /* HomeScreenViewController.swift in Sources */ = {isa = PBXBuildFile; fileRef = 4AD192A32C0CEAFA00EF34D0 /* HomeScreenViewController.swift */; };
		4AD192A72C0CEAFA00EF34D0 /* Main.storyboard in Resources */ = {isa = PBXBuildFile; fileRef = 4AD192A52C0CEAFA00EF34D0 /* Main.storyboard */; };
		4AD192A92C0CEAFE00EF34D0 /* Assets.xcassets in Resources */ = {isa = PBXBuildFile; fileRef = 4AD192A82C0CEAFE00EF34D0 /* Assets.xcassets */; };
		4AD192AC2C0CEAFE00EF34D0 /* LaunchScreen.storyboard in Resources */ = {isa = PBXBuildFile; fileRef = 4AD192AA2C0CEAFE00EF34D0 /* LaunchScreen.storyboard */; };
		4AD192B72C0CEB0000EF34D0 /* ShopifyTests.swift in Sources */ = {isa = PBXBuildFile; fileRef = 4AD192B62C0CEB0000EF34D0 /* ShopifyTests.swift */; };
		4AD192C12C0CEB0000EF34D0 /* ShopifyUITests.swift in Sources */ = {isa = PBXBuildFile; fileRef = 4AD192C02C0CEB0000EF34D0 /* ShopifyUITests.swift */; };
		4AD192C32C0CEB0000EF34D0 /* ShopifyUITestsLaunchTests.swift in Sources */ = {isa = PBXBuildFile; fileRef = 4AD192C22C0CEB0000EF34D0 /* ShopifyUITestsLaunchTests.swift */; };
		4AD192D12C0CEDD300EF34D0 /* RealmSwift in Frameworks */ = {isa = PBXBuildFile; productRef = 4AD192D02C0CEDD300EF34D0 /* RealmSwift */; };
		4AD192D42C0CF04200EF34D0 /* Kingfisher in Frameworks */ = {isa = PBXBuildFile; productRef = 4AD192D32C0CF04200EF34D0 /* Kingfisher */; };
		4AD192D72C0CF40700EF34D0 /* Lottie in Frameworks */ = {isa = PBXBuildFile; productRef = 4AD192D62C0CF40700EF34D0 /* Lottie */; };
		4AD192DA2C0CF43000EF34D0 /* RxAlamofire in Frameworks */ = {isa = PBXBuildFile; productRef = 4AD192D92C0CF43000EF34D0 /* RxAlamofire */; };
		4AD192DD2C0CF53900EF34D0 /* Reachability in Frameworks */ = {isa = PBXBuildFile; productRef = 4AD192DC2C0CF53900EF34D0 /* Reachability */; };
		4AD192E02C0CF55B00EF34D0 /* Cosmos in Frameworks */ = {isa = PBXBuildFile; productRef = 4AD192DF2C0CF55B00EF34D0 /* Cosmos */; };
		4AD192EF2C0CF6EA00EF34D0 /* Setting.storyboard in Resources */ = {isa = PBXBuildFile; fileRef = 4AD192EE2C0CF6EA00EF34D0 /* Setting.storyboard */; };
		4AD192F12C0CF6FD00EF34D0 /* MinaStoryboard.storyboard in Resources */ = {isa = PBXBuildFile; fileRef = 4AD192F02C0CF6FD00EF34D0 /* MinaStoryboard.storyboard */; };
		4AD192F42C0CF73400EF34D0 /* Constant.swift in Sources */ = {isa = PBXBuildFile; fileRef = 4AD192F32C0CF73400EF34D0 /* Constant.swift */; };
		4AD192F72C0CF76B00EF34D0 /* MainCoordinator.swift in Sources */ = {isa = PBXBuildFile; fileRef = 4AD192F62C0CF76B00EF34D0 /* MainCoordinator.swift */; };
/* End PBXBuildFile section */

/* Begin PBXContainerItemProxy section */
		4AD192B32C0CEAFF00EF34D0 /* PBXContainerItemProxy */ = {
			isa = PBXContainerItemProxy;
			containerPortal = 4AD192942C0CEAFA00EF34D0 /* Project object */;
			proxyType = 1;
			remoteGlobalIDString = 4AD1929B2C0CEAFA00EF34D0;
			remoteInfo = Shopify;
		};
		4AD192BD2C0CEB0000EF34D0 /* PBXContainerItemProxy */ = {
			isa = PBXContainerItemProxy;
			containerPortal = 4AD192942C0CEAFA00EF34D0 /* Project object */;
			proxyType = 1;
			remoteGlobalIDString = 4AD1929B2C0CEAFA00EF34D0;
			remoteInfo = Shopify;
		};
/* End PBXContainerItemProxy section */

/* Begin PBXFileReference section */
		182772BF2C1E6B75007428C0 /* Order.swift */ = {isa = PBXFileReference; lastKnownFileType = sourcecode.swift; path = Order.swift; sourceTree = "<group>"; };
		182772C32C1E7303007428C0 /* OrderConfirmedViewController.swift */ = {isa = PBXFileReference; lastKnownFileType = sourcecode.swift; path = OrderConfirmedViewController.swift; sourceTree = "<group>"; };
		1829BFB52C0E8AC3004FA5D4 /* AddressesViewController.swift */ = {isa = PBXFileReference; lastKnownFileType = sourcecode.swift; path = AddressesViewController.swift; sourceTree = "<group>"; };
		1829BFB72C0E8AD3004FA5D4 /* NewAddressViewController.swift */ = {isa = PBXFileReference; lastKnownFileType = sourcecode.swift; path = NewAddressViewController.swift; sourceTree = "<group>"; };
		1851C0CD2C165DED00849BB6 /* ShoppingCartViewController.swift */ = {isa = PBXFileReference; lastKnownFileType = sourcecode.swift; path = ShoppingCartViewController.swift; sourceTree = "<group>"; };
		1851C0CF2C165E0700849BB6 /* ShoppingCartTableViewCell.swift */ = {isa = PBXFileReference; lastKnownFileType = sourcecode.swift; path = ShoppingCartTableViewCell.swift; sourceTree = "<group>"; };
		1851C0D12C16793F00849BB6 /* DraftOrder.swift */ = {isa = PBXFileReference; lastKnownFileType = sourcecode.swift; path = DraftOrder.swift; sourceTree = "<group>"; };
		1851C0D32C1679A500849BB6 /* ShoppingCartViewModel.swift */ = {isa = PBXFileReference; lastKnownFileType = sourcecode.swift; path = ShoppingCartViewModel.swift; sourceTree = "<group>"; };
		186303C72C1AD01500A33B58 /* SettingViewModel.swift */ = {isa = PBXFileReference; lastKnownFileType = sourcecode.swift; path = SettingViewModel.swift; sourceTree = "<group>"; };
		186303C92C1ADBAF00A33B58 /* CurrencyService.swift */ = {isa = PBXFileReference; lastKnownFileType = sourcecode.swift; path = CurrencyService.swift; sourceTree = "<group>"; };
		186303CB2C1ADCD900A33B58 /* Currency.swift */ = {isa = PBXFileReference; lastKnownFileType = sourcecode.swift; path = Currency.swift; sourceTree = "<group>"; };
		1866D8082C14AEFD00E7C47C /* MenuListViewController.swift */ = {isa = PBXFileReference; lastKnownFileType = sourcecode.swift; path = MenuListViewController.swift; sourceTree = "<group>"; };
		1866D80A2C14AF3F00E7C47C /* Country.swift */ = {isa = PBXFileReference; lastKnownFileType = sourcecode.swift; path = Country.swift; sourceTree = "<group>"; };
		1866D80C2C14B0E000E7C47C /* DataLoader.swift */ = {isa = PBXFileReference; lastKnownFileType = sourcecode.swift; path = DataLoader.swift; sourceTree = "<group>"; };
		1866D80E2C14B83200E7C47C /* countries.json */ = {isa = PBXFileReference; lastKnownFileType = text.json; path = countries.json; sourceTree = "<group>"; };
		187029C52C1FF237004AF09B /* RealmManager.swift */ = {isa = PBXFileReference; lastKnownFileType = sourcecode.swift; path = RealmManager.swift; sourceTree = "<group>"; };
		187029C72C1FF310004AF09B /* RealmDraftOrder.swift */ = {isa = PBXFileReference; lastKnownFileType = sourcecode.swift; path = RealmDraftOrder.swift; sourceTree = "<group>"; };
		1877DC3C2C138BC0002F709E /* Address.swift */ = {isa = PBXFileReference; lastKnownFileType = sourcecode.swift; path = Address.swift; sourceTree = "<group>"; };
		1877DC3E2C138C2B002F709E /* AddressesTableViewCell.swift */ = {isa = PBXFileReference; lastKnownFileType = sourcecode.swift; path = AddressesTableViewCell.swift; sourceTree = "<group>"; };
		1877DC402C13A4F9002F709E /* NewAddressViewModel.swift */ = {isa = PBXFileReference; lastKnownFileType = sourcecode.swift; path = NewAddressViewModel.swift; sourceTree = "<group>"; };
		18DA18D82C0E6B9D00D82C46 /* SettingViewController.swift */ = {isa = PBXFileReference; lastKnownFileType = sourcecode.swift; path = SettingViewController.swift; sourceTree = "<group>"; };
		18DA18DA2C0E6BCE00D82C46 /* ContactUsViewController.swift */ = {isa = PBXFileReference; lastKnownFileType = sourcecode.swift; path = ContactUsViewController.swift; sourceTree = "<group>"; };
		18DA18DC2C0E6BE700D82C46 /* AboutUsViewController.swift */ = {isa = PBXFileReference; lastKnownFileType = sourcecode.swift; path = AboutUsViewController.swift; sourceTree = "<group>"; };
		18DA18DE2C0E757900D82C46 /* Storyboard.swift */ = {isa = PBXFileReference; lastKnownFileType = sourcecode.swift; path = Storyboard.swift; sourceTree = "<group>"; };
		18F0AC242C1C8F6900BDE7C0 /* Shopify.entitlements */ = {isa = PBXFileReference; lastKnownFileType = text.plist.entitlements; path = Shopify.entitlements; sourceTree = "<group>"; };
		18F0AC282C1CA9CD00BDE7C0 /* PaymentViewController.swift */ = {isa = PBXFileReference; lastKnownFileType = sourcecode.swift; path = PaymentViewController.swift; sourceTree = "<group>"; };
		18F0AC2A2C1CAA1800BDE7C0 /* PaymentViewModel.swift */ = {isa = PBXFileReference; lastKnownFileType = sourcecode.swift; path = PaymentViewModel.swift; sourceTree = "<group>"; };
		18F0AC2C2C1D189E00BDE7C0 /* MockPaymentProcessor.swift */ = {isa = PBXFileReference; lastKnownFileType = sourcecode.swift; path = MockPaymentProcessor.swift; sourceTree = "<group>"; };
		18F0AC2E2C1D394800BDE7C0 /* PaymentMethodViewController.swift */ = {isa = PBXFileReference; lastKnownFileType = sourcecode.swift; path = PaymentMethodViewController.swift; sourceTree = "<group>"; };
		18F0AC302C1D46C700BDE7C0 /* PaymentMethodViewModel.swift */ = {isa = PBXFileReference; lastKnownFileType = sourcecode.swift; path = PaymentMethodViewModel.swift; sourceTree = "<group>"; };
		18F46ADC2C17CCE600A31A97 /* Variant.swift */ = {isa = PBXFileReference; lastKnownFileType = sourcecode.swift; path = Variant.swift; sourceTree = "<group>"; };
		18FEA7312C13866500F16304 /* AddressesViewModel.swift */ = {isa = PBXFileReference; lastKnownFileType = sourcecode.swift; path = AddressesViewModel.swift; sourceTree = "<group>"; };
		390BD40E2C1EF682007D4609 /* ProfileViewController.swift */ = {isa = PBXFileReference; lastKnownFileType = sourcecode.swift; path = ProfileViewController.swift; sourceTree = "<group>"; };
		390BD4102C1EF691007D4609 /* ProfileViewModel.swift */ = {isa = PBXFileReference; lastKnownFileType = sourcecode.swift; path = ProfileViewModel.swift; sourceTree = "<group>"; };
		390BD4132C1F0106007D4609 /* OrdersModel.swift */ = {isa = PBXFileReference; lastKnownFileType = sourcecode.swift; path = OrdersModel.swift; sourceTree = "<group>"; };
		391098DD2C1355C1005CEE7B /* ReviewsViewController.swift */ = {isa = PBXFileReference; fileEncoding = 4; lastKnownFileType = sourcecode.swift; path = ReviewsViewController.swift; sourceTree = "<group>"; };
		391098DF2C1355DD005CEE7B /* ReviewTableViewCell.swift */ = {isa = PBXFileReference; fileEncoding = 4; lastKnownFileType = sourcecode.swift; path = ReviewTableViewCell.swift; sourceTree = "<group>"; };
		391098E02C1355DD005CEE7B /* ReviewTableViewCell.xib */ = {isa = PBXFileReference; fileEncoding = 4; lastKnownFileType = file.xib; path = ReviewTableViewCell.xib; sourceTree = "<group>"; };
		391098E12C1355DD005CEE7B /* ProductsInfoViewController.swift */ = {isa = PBXFileReference; fileEncoding = 4; lastKnownFileType = sourcecode.swift; path = ProductsInfoViewController.swift; sourceTree = "<group>"; };
		391098E52C1355F1005CEE7B /* Review.swift */ = {isa = PBXFileReference; fileEncoding = 4; lastKnownFileType = sourcecode.swift; path = Review.swift; sourceTree = "<group>"; };
		3911822E2C1DBE4C00C3C4B7 /* UtilMethods.swift */ = {isa = PBXFileReference; lastKnownFileType = sourcecode.swift; path = UtilMethods.swift; sourceTree = "<group>"; };
		391182302C1DBEB000C3C4B7 /* UserDefaultsManager.swift */ = {isa = PBXFileReference; lastKnownFileType = sourcecode.swift; path = UserDefaultsManager.swift; sourceTree = "<group>"; };
		3958708F2C10DE9300016FA0 /* GeneralLoginViewController.swift */ = {isa = PBXFileReference; fileEncoding = 4; lastKnownFileType = sourcecode.swift; path = GeneralLoginViewController.swift; sourceTree = "<group>"; };
		395870912C10DE9D00016FA0 /* LoginWithEmailViewController.swift */ = {isa = PBXFileReference; fileEncoding = 4; lastKnownFileType = sourcecode.swift; path = LoginWithEmailViewController.swift; sourceTree = "<group>"; };
		395870942C10DEE000016FA0 /* SignUpViewController.swift */ = {isa = PBXFileReference; fileEncoding = 4; lastKnownFileType = sourcecode.swift; path = SignUpViewController.swift; sourceTree = "<group>"; };
		395870962C10DEEE00016FA0 /* GoogleService-Info.plist */ = {isa = PBXFileReference; fileEncoding = 4; lastKnownFileType = text.plist.xml; path = "GoogleService-Info.plist"; sourceTree = "<group>"; };
		3958709A2C10DF9500016FA0 /* AuthenticationManager.swift */ = {isa = PBXFileReference; fileEncoding = 4; lastKnownFileType = sourcecode.swift; path = AuthenticationManager.swift; sourceTree = "<group>"; };
		397B60392C18501100ED6BAF /* ProductInfoViewModel.swift */ = {isa = PBXFileReference; lastKnownFileType = sourcecode.swift; path = ProductInfoViewModel.swift; sourceTree = "<group>"; };
		397B60402C18611500ED6BAF /* GeneralLoginViewModel.swift */ = {isa = PBXFileReference; lastKnownFileType = sourcecode.swift; path = GeneralLoginViewModel.swift; sourceTree = "<group>"; };
		397B60432C18644C00ED6BAF /* LoginWithEmailViewModel.swift */ = {isa = PBXFileReference; lastKnownFileType = sourcecode.swift; path = LoginWithEmailViewModel.swift; sourceTree = "<group>"; };
		397B60462C18660F00ED6BAF /* SignUpViewModel.swift */ = {isa = PBXFileReference; lastKnownFileType = sourcecode.swift; path = SignUpViewModel.swift; sourceTree = "<group>"; };
		397B60482C18684E00ED6BAF /* ReviewsViewModel.swift */ = {isa = PBXFileReference; lastKnownFileType = sourcecode.swift; path = ReviewsViewModel.swift; sourceTree = "<group>"; };
		397B604E2C18757200ED6BAF /* WishListViewController.swift */ = {isa = PBXFileReference; lastKnownFileType = sourcecode.swift; path = WishListViewController.swift; sourceTree = "<group>"; };
		397B60542C18770300ED6BAF /* Item.swift */ = {isa = PBXFileReference; lastKnownFileType = sourcecode.swift; path = Item.swift; sourceTree = "<group>"; };
		397B60572C18773000ED6BAF /* WishListViewModel.swift */ = {isa = PBXFileReference; lastKnownFileType = sourcecode.swift; path = WishListViewModel.swift; sourceTree = "<group>"; };
		397FAC302C13537B005499BA /* ProductCollectionXIBCell.swift */ = {isa = PBXFileReference; fileEncoding = 4; lastKnownFileType = sourcecode.swift; path = ProductCollectionXIBCell.swift; sourceTree = "<group>"; };
		397FAC312C13537B005499BA /* ProductCollectionXIBCell.xib */ = {isa = PBXFileReference; fileEncoding = 4; lastKnownFileType = file.xib; path = ProductCollectionXIBCell.xib; sourceTree = "<group>"; };
		3988D3B52C13517E001ACA95 /* TabBar.swift */ = {isa = PBXFileReference; fileEncoding = 4; lastKnownFileType = sourcecode.swift; path = TabBar.swift; sourceTree = "<group>"; };
		399564D62C1353F400AD4AC4 /* BrandsCollectionCell.swift */ = {isa = PBXFileReference; fileEncoding = 4; lastKnownFileType = sourcecode.swift; path = BrandsCollectionCell.swift; sourceTree = "<group>"; };
		399564D72C1353F400AD4AC4 /* AdsCollectionCell.swift */ = {isa = PBXFileReference; fileEncoding = 4; lastKnownFileType = sourcecode.swift; path = AdsCollectionCell.swift; sourceTree = "<group>"; };
		39A0774D2C14EB3B00472C38 /* Customer.swift */ = {isa = PBXFileReference; lastKnownFileType = sourcecode.swift; path = Customer.swift; sourceTree = "<group>"; };
		39A6C5E02C1B8127006A399E /* WishCollectionViewCell.swift */ = {isa = PBXFileReference; lastKnownFileType = sourcecode.swift; path = WishCollectionViewCell.swift; sourceTree = "<group>"; };
		39A6C5E12C1B8127006A399E /* WishCollectionViewCell.xib */ = {isa = PBXFileReference; lastKnownFileType = file.xib; path = WishCollectionViewCell.xib; sourceTree = "<group>"; };
		39D20DD92C133D050093AC66 /* AdsItem.swift */ = {isa = PBXFileReference; fileEncoding = 4; lastKnownFileType = sourcecode.swift; path = AdsItem.swift; sourceTree = "<group>"; };
		39D20DDB2C133D2C0093AC66 /* CategoryScreenViewController.swift */ = {isa = PBXFileReference; lastKnownFileType = sourcecode.swift; path = CategoryScreenViewController.swift; sourceTree = "<group>"; };
		39D20DFA2C1348160093AC66 /* ProductsScreenViewController.swift */ = {isa = PBXFileReference; fileEncoding = 4; lastKnownFileType = sourcecode.swift; path = ProductsScreenViewController.swift; sourceTree = "<group>"; };
		39F211642C13522400ECFA41 /* ProfileScreenViewController.swift */ = {isa = PBXFileReference; fileEncoding = 4; lastKnownFileType = sourcecode.swift; path = ProfileScreenViewController.swift; sourceTree = "<group>"; };
		39F33E292C175A8500B211DF /* DraftOrderr.swift */ = {isa = PBXFileReference; lastKnownFileType = sourcecode.swift; path = DraftOrderr.swift; sourceTree = "<group>"; };
		4A4A46772C20B4FE0079C05B /* NetworkService.swift */ = {isa = PBXFileReference; lastKnownFileType = sourcecode.swift; path = NetworkService.swift; sourceTree = "<group>"; };
		4A61F67A2C1F6A7200D6DEE0 /* SignInOrGuestViewController.swift */ = {isa = PBXFileReference; lastKnownFileType = sourcecode.swift; path = SignInOrGuestViewController.swift; sourceTree = "<group>"; };
		4AA8E1972C14949700F5F07B /* HomeScreenViewModel.swift */ = {isa = PBXFileReference; lastKnownFileType = sourcecode.swift; path = HomeScreenViewModel.swift; sourceTree = "<group>"; };
		4AA8E1992C149EBE00F5F07B /* Brands.swift */ = {isa = PBXFileReference; lastKnownFileType = sourcecode.swift; path = Brands.swift; sourceTree = "<group>"; };
		4AA8E19B2C14C75E00F5F07B /* BrandsCollectionXIBCell.swift */ = {isa = PBXFileReference; lastKnownFileType = sourcecode.swift; path = BrandsCollectionXIBCell.swift; sourceTree = "<group>"; };
		4AA8E19C2C14C75E00F5F07B /* BrandsCollectionXIBCell.xib */ = {isa = PBXFileReference; lastKnownFileType = file.xib; path = BrandsCollectionXIBCell.xib; sourceTree = "<group>"; };
		4AA8E1A32C14E27600F5F07B /* ProductScreenViewModel.swift */ = {isa = PBXFileReference; lastKnownFileType = sourcecode.swift; path = ProductScreenViewModel.swift; sourceTree = "<group>"; };
		4AA8E1A52C14F56400F5F07B /* Products.swift */ = {isa = PBXFileReference; lastKnownFileType = sourcecode.swift; path = Products.swift; sourceTree = "<group>"; };
		4AAD6C2E2C186C6F00237FE2 /* CategoryScreenViewModel.swift */ = {isa = PBXFileReference; lastKnownFileType = sourcecode.swift; path = CategoryScreenViewModel.swift; sourceTree = "<group>"; };
		4AC7C50F2C1C87A400031AAF /* OnBoardingOneViewController.swift */ = {isa = PBXFileReference; lastKnownFileType = sourcecode.swift; path = OnBoardingOneViewController.swift; sourceTree = "<group>"; };
		4AC7C5112C1C87B600031AAF /* OnBoardingTwoViewController.swift */ = {isa = PBXFileReference; lastKnownFileType = sourcecode.swift; path = OnBoardingTwoViewController.swift; sourceTree = "<group>"; };
		4AC7C5132C1C87C700031AAF /* OnBoardingThreeViewController.swift */ = {isa = PBXFileReference; lastKnownFileType = sourcecode.swift; path = OnBoardingThreeViewController.swift; sourceTree = "<group>"; };
		4AD1929C2C0CEAFA00EF34D0 /* Shopify.app */ = {isa = PBXFileReference; explicitFileType = wrapper.application; includeInIndex = 0; path = Shopify.app; sourceTree = BUILT_PRODUCTS_DIR; };
		4AD1929F2C0CEAFA00EF34D0 /* AppDelegate.swift */ = {isa = PBXFileReference; lastKnownFileType = sourcecode.swift; path = AppDelegate.swift; sourceTree = "<group>"; };
		4AD192A12C0CEAFA00EF34D0 /* SceneDelegate.swift */ = {isa = PBXFileReference; lastKnownFileType = sourcecode.swift; path = SceneDelegate.swift; sourceTree = "<group>"; };
		4AD192A32C0CEAFA00EF34D0 /* HomeScreenViewController.swift */ = {isa = PBXFileReference; lastKnownFileType = sourcecode.swift; path = HomeScreenViewController.swift; sourceTree = "<group>"; };
		4AD192A62C0CEAFA00EF34D0 /* Base */ = {isa = PBXFileReference; lastKnownFileType = file.storyboard; name = Base; path = Base.lproj/Main.storyboard; sourceTree = "<group>"; };
		4AD192A82C0CEAFE00EF34D0 /* Assets.xcassets */ = {isa = PBXFileReference; lastKnownFileType = folder.assetcatalog; path = Assets.xcassets; sourceTree = "<group>"; };
		4AD192AB2C0CEAFE00EF34D0 /* Base */ = {isa = PBXFileReference; lastKnownFileType = file.storyboard; name = Base; path = Base.lproj/LaunchScreen.storyboard; sourceTree = "<group>"; };
		4AD192AD2C0CEAFE00EF34D0 /* Info.plist */ = {isa = PBXFileReference; lastKnownFileType = text.plist.xml; path = Info.plist; sourceTree = "<group>"; };
		4AD192B22C0CEAFF00EF34D0 /* ShopifyTests.xctest */ = {isa = PBXFileReference; explicitFileType = wrapper.cfbundle; includeInIndex = 0; path = ShopifyTests.xctest; sourceTree = BUILT_PRODUCTS_DIR; };
		4AD192B62C0CEB0000EF34D0 /* ShopifyTests.swift */ = {isa = PBXFileReference; lastKnownFileType = sourcecode.swift; path = ShopifyTests.swift; sourceTree = "<group>"; };
		4AD192BC2C0CEB0000EF34D0 /* ShopifyUITests.xctest */ = {isa = PBXFileReference; explicitFileType = wrapper.cfbundle; includeInIndex = 0; path = ShopifyUITests.xctest; sourceTree = BUILT_PRODUCTS_DIR; };
		4AD192C02C0CEB0000EF34D0 /* ShopifyUITests.swift */ = {isa = PBXFileReference; lastKnownFileType = sourcecode.swift; path = ShopifyUITests.swift; sourceTree = "<group>"; };
		4AD192C22C0CEB0000EF34D0 /* ShopifyUITestsLaunchTests.swift */ = {isa = PBXFileReference; lastKnownFileType = sourcecode.swift; path = ShopifyUITestsLaunchTests.swift; sourceTree = "<group>"; };
		4AD192EE2C0CF6EA00EF34D0 /* Setting.storyboard */ = {isa = PBXFileReference; lastKnownFileType = file.storyboard; path = Setting.storyboard; sourceTree = "<group>"; };
		4AD192F02C0CF6FD00EF34D0 /* MinaStoryboard.storyboard */ = {isa = PBXFileReference; lastKnownFileType = file.storyboard; path = MinaStoryboard.storyboard; sourceTree = "<group>"; };
		4AD192F32C0CF73400EF34D0 /* Constant.swift */ = {isa = PBXFileReference; lastKnownFileType = sourcecode.swift; path = Constant.swift; sourceTree = "<group>"; };
		4AD192F62C0CF76B00EF34D0 /* MainCoordinator.swift */ = {isa = PBXFileReference; lastKnownFileType = sourcecode.swift; path = MainCoordinator.swift; sourceTree = "<group>"; };
/* End PBXFileReference section */

/* Begin PBXFrameworksBuildPhase section */
		4AD192992C0CEAFA00EF34D0 /* Frameworks */ = {
			isa = PBXFrameworksBuildPhase;
			buildActionMask = 2147483647;
			files = (
				3958709E2C10E03C00016FA0 /* FirebaseAnalytics in Frameworks */,
				4AD192E02C0CF55B00EF34D0 /* Cosmos in Frameworks */,
				4AD192D42C0CF04200EF34D0 /* Kingfisher in Frameworks */,
				4AD192DA2C0CF43000EF34D0 /* RxAlamofire in Frameworks */,
				395870A22C10E03C00016FA0 /* FirebaseAuth in Frameworks */,
				39E1F7AB2C16117600C00575 /* FirebaseFirestore in Frameworks */,
				395870A52C10E08800016FA0 /* GoogleSignIn in Frameworks */,
				39E1F7AD2C16117600C00575 /* FirebaseFirestoreSwift in Frameworks */,
				395870A02C10E03C00016FA0 /* FirebaseAnalyticsSwift in Frameworks */,
				4AD192DD2C0CF53900EF34D0 /* Reachability in Frameworks */,
				4AD192D12C0CEDD300EF34D0 /* RealmSwift in Frameworks */,
				4AD192D72C0CF40700EF34D0 /* Lottie in Frameworks */,
				395870A72C10E08800016FA0 /* GoogleSignInSwift in Frameworks */,
			);
			runOnlyForDeploymentPostprocessing = 0;
		};
		4AD192AF2C0CEAFF00EF34D0 /* Frameworks */ = {
			isa = PBXFrameworksBuildPhase;
			buildActionMask = 2147483647;
			files = (
			);
			runOnlyForDeploymentPostprocessing = 0;
		};
		4AD192B92C0CEB0000EF34D0 /* Frameworks */ = {
			isa = PBXFrameworksBuildPhase;
			buildActionMask = 2147483647;
			files = (
			);
			runOnlyForDeploymentPostprocessing = 0;
		};
/* End PBXFrameworksBuildPhase section */

/* Begin PBXGroup section */
		182772C12C1E72D2007428C0 /* Order */ = {
			isa = PBXGroup;
			children = (
				182772C22C1E72E8007428C0 /* View */,
			);
			path = Order;
			sourceTree = "<group>";
		};
		182772C22C1E72E8007428C0 /* View */ = {
			isa = PBXGroup;
			children = (
				182772C32C1E7303007428C0 /* OrderConfirmedViewController.swift */,
			);
			path = View;
			sourceTree = "<group>";
		};
		1829BFB22C0E8A76004FA5D4 /* Address */ = {
			isa = PBXGroup;
			children = (
				1877DC422C13A517002F709E /* Model */,
				1829BFB42C0E8A9B004FA5D4 /* View Model */,
				1829BFB32C0E8A83004FA5D4 /* View */,
				1866D80C2C14B0E000E7C47C /* DataLoader.swift */,
			);
			path = Address;
			sourceTree = "<group>";
		};
		1829BFB32C0E8A83004FA5D4 /* View */ = {
			isa = PBXGroup;
			children = (
				1829BFB52C0E8AC3004FA5D4 /* AddressesViewController.swift */,
				1829BFB72C0E8AD3004FA5D4 /* NewAddressViewController.swift */,
				1877DC3E2C138C2B002F709E /* AddressesTableViewCell.swift */,
				1866D8082C14AEFD00E7C47C /* MenuListViewController.swift */,
			);
			path = View;
			sourceTree = "<group>";
		};
		1829BFB42C0E8A9B004FA5D4 /* View Model */ = {
			isa = PBXGroup;
			children = (
				18FEA7312C13866500F16304 /* AddressesViewModel.swift */,
				1877DC402C13A4F9002F709E /* NewAddressViewModel.swift */,
			);
			path = "View Model";
			sourceTree = "<group>";
		};
		1851C0C92C165D8500849BB6 /* ShoppingCart */ = {
			isa = PBXGroup;
			children = (
				1851C0CC2C165DBF00849BB6 /* View Model */,
				1851C0CB2C165DB700849BB6 /* View */,
				1851C0CA2C165DAC00849BB6 /* Model */,
			);
			path = ShoppingCart;
			sourceTree = "<group>";
		};
		1851C0CA2C165DAC00849BB6 /* Model */ = {
			isa = PBXGroup;
			children = (
				18F46ADC2C17CCE600A31A97 /* Variant.swift */,
			);
			path = Model;
			sourceTree = "<group>";
		};
		1851C0CB2C165DB700849BB6 /* View */ = {
			isa = PBXGroup;
			children = (
				1851C0CD2C165DED00849BB6 /* ShoppingCartViewController.swift */,
				1851C0CF2C165E0700849BB6 /* ShoppingCartTableViewCell.swift */,
			);
			path = View;
			sourceTree = "<group>";
		};
		1851C0CC2C165DBF00849BB6 /* View Model */ = {
			isa = PBXGroup;
			children = (
				1851C0D32C1679A500849BB6 /* ShoppingCartViewModel.swift */,
			);
			path = "View Model";
			sourceTree = "<group>";
		};
		186303C62C1ACFF700A33B58 /* View Model */ = {
			isa = PBXGroup;
			children = (
				186303C72C1AD01500A33B58 /* SettingViewModel.swift */,
			);
			path = "View Model";
			sourceTree = "<group>";
		};
		187029C42C1FF217004AF09B /* DB */ = {
			isa = PBXGroup;
			children = (
				187029C52C1FF237004AF09B /* RealmManager.swift */,
			);
			path = DB;
			sourceTree = "<group>";
		};
		1877DC422C13A517002F709E /* Model */ = {
			isa = PBXGroup;
			children = (
				1877DC3C2C138BC0002F709E /* Address.swift */,
				1866D80A2C14AF3F00E7C47C /* Country.swift */,
			);
			path = Model;
			sourceTree = "<group>";
		};
		18DA18D62C0E6A6D00D82C46 /* Settings */ = {
			isa = PBXGroup;
			children = (
				186303C62C1ACFF700A33B58 /* View Model */,
				18DA18D72C0E6A9100D82C46 /* View */,
			);
			path = Settings;
			sourceTree = "<group>";
		};
		18DA18D72C0E6A9100D82C46 /* View */ = {
			isa = PBXGroup;
			children = (
				18DA18D82C0E6B9D00D82C46 /* SettingViewController.swift */,
				18DA18DA2C0E6BCE00D82C46 /* ContactUsViewController.swift */,
				18DA18DC2C0E6BE700D82C46 /* AboutUsViewController.swift */,
			);
			path = View;
			sourceTree = "<group>";
		};
		18F0AC252C1CA98900BDE7C0 /* Payment */ = {
			isa = PBXGroup;
			children = (
				18F0AC272C1CA9AA00BDE7C0 /* View Model */,
				18F0AC262C1CA99C00BDE7C0 /* View */,
				18F0AC2C2C1D189E00BDE7C0 /* MockPaymentProcessor.swift */,
			);
			path = Payment;
			sourceTree = "<group>";
		};
		18F0AC262C1CA99C00BDE7C0 /* View */ = {
			isa = PBXGroup;
			children = (
				18F0AC282C1CA9CD00BDE7C0 /* PaymentViewController.swift */,
				18F0AC2E2C1D394800BDE7C0 /* PaymentMethodViewController.swift */,
			);
			path = View;
			sourceTree = "<group>";
		};
		18F0AC272C1CA9AA00BDE7C0 /* View Model */ = {
			isa = PBXGroup;
			children = (
				18F0AC2A2C1CAA1800BDE7C0 /* PaymentViewModel.swift */,
				18F0AC302C1D46C700BDE7C0 /* PaymentMethodViewModel.swift */,
			);
			path = "View Model";
			sourceTree = "<group>";
		};
		390BD40B2C1EF632007D4609 /* Profile */ = {
			isa = PBXGroup;
			children = (
				390BD4122C1F00F9007D4609 /* Model */,
				390BD40D2C1EF64D007D4609 /* ViewModel */,
				390BD40C2C1EF63E007D4609 /* View */,
			);
			path = Profile;
			sourceTree = "<group>";
		};
		390BD40C2C1EF63E007D4609 /* View */ = {
			isa = PBXGroup;
			children = (
				390BD40E2C1EF682007D4609 /* ProfileViewController.swift */,
			);
			path = View;
			sourceTree = "<group>";
		};
		390BD40D2C1EF64D007D4609 /* ViewModel */ = {
			isa = PBXGroup;
			children = (
				390BD4102C1EF691007D4609 /* ProfileViewModel.swift */,
			);
			path = ViewModel;
			sourceTree = "<group>";
		};
		390BD4122C1F00F9007D4609 /* Model */ = {
			isa = PBXGroup;
			children = (
				390BD4132C1F0106007D4609 /* OrdersModel.swift */,
			);
			path = Model;
			sourceTree = "<group>";
		};
		391098D82C135588005CEE7B /* Model */ = {
			isa = PBXGroup;
			children = (
				391098E52C1355F1005CEE7B /* Review.swift */,
			);
			path = Model;
			sourceTree = "<group>";
		};
		391098DB2C1355B0005CEE7B /* Reviews */ = {
			isa = PBXGroup;
			children = (
				391098DC2C1355B7005CEE7B /* View */,
				397B60382C184FF800ED6BAF /* ViewModel */,
				391098D82C135588005CEE7B /* Model */,
			);
			path = Reviews;
			sourceTree = "<group>";
		};
		391098DC2C1355B7005CEE7B /* View */ = {
			isa = PBXGroup;
			children = (
				391098DD2C1355C1005CEE7B /* ReviewsViewController.swift */,
			);
			path = View;
			sourceTree = "<group>";
		};
		395870872C10DDAF00016FA0 /* Authentication */ = {
			isa = PBXGroup;
			children = (
				3958709A2C10DF9500016FA0 /* AuthenticationManager.swift */,
				391182302C1DBEB000C3C4B7 /* UserDefaultsManager.swift */,
				39A0774C2C14EB2500472C38 /* Model */,
			);
			path = Authentication;
			sourceTree = "<group>";
		};
		395870882C10DDC100016FA0 /* View */ = {
			isa = PBXGroup;
			children = (
				395870912C10DE9D00016FA0 /* LoginWithEmailViewController.swift */,
			);
			path = View;
			sourceTree = "<group>";
		};
		3958708D2C10DE7800016FA0 /* LoginWithEmail */ = {
			isa = PBXGroup;
			children = (
				395870882C10DDC100016FA0 /* View */,
				397B60422C18643200ED6BAF /* ViewModel */,
			);
			path = LoginWithEmail;
			sourceTree = "<group>";
		};
		3958708E2C10DE8800016FA0 /* MainLogin */ = {
			isa = PBXGroup;
			children = (
				397B603C2C18512100ED6BAF /* View */,
				397B603F2C18610900ED6BAF /* ViewModel */,
			);
			path = MainLogin;
			sourceTree = "<group>";
		};
		395870932C10DEC800016FA0 /* Signup */ = {
			isa = PBXGroup;
			children = (
				397B603B2C18511300ED6BAF /* View */,
				397B60452C1865EC00ED6BAF /* ViewModel */,
			);
			path = Signup;
			sourceTree = "<group>";
		};
		397B60342C184F3200ED6BAF /* ProductInfo */ = {
			isa = PBXGroup;
			children = (
				397B60352C184F4600ED6BAF /* View */,
				397B60362C184F4B00ED6BAF /* ViewModel */,
			);
			path = ProductInfo;
			sourceTree = "<group>";
		};
		397B60352C184F4600ED6BAF /* View */ = {
			isa = PBXGroup;
			children = (
				391098E12C1355DD005CEE7B /* ProductsInfoViewController.swift */,
			);
			path = View;
			sourceTree = "<group>";
		};
		397B60362C184F4B00ED6BAF /* ViewModel */ = {
			isa = PBXGroup;
			children = (
				397B60392C18501100ED6BAF /* ProductInfoViewModel.swift */,
			);
			path = ViewModel;
			sourceTree = "<group>";
		};
		397B60382C184FF800ED6BAF /* ViewModel */ = {
			isa = PBXGroup;
			children = (
				397B60482C18684E00ED6BAF /* ReviewsViewModel.swift */,
			);
			path = ViewModel;
			sourceTree = "<group>";
		};
		397B603B2C18511300ED6BAF /* View */ = {
			isa = PBXGroup;
			children = (
				395870942C10DEE000016FA0 /* SignUpViewController.swift */,
			);
			path = View;
			sourceTree = "<group>";
		};
		397B603C2C18512100ED6BAF /* View */ = {
			isa = PBXGroup;
			children = (
				3958708F2C10DE9300016FA0 /* GeneralLoginViewController.swift */,
			);
			path = View;
			sourceTree = "<group>";
		};
		397B603F2C18610900ED6BAF /* ViewModel */ = {
			isa = PBXGroup;
			children = (
				397B60402C18611500ED6BAF /* GeneralLoginViewModel.swift */,
			);
			path = ViewModel;
			sourceTree = "<group>";
		};
		397B60422C18643200ED6BAF /* ViewModel */ = {
			isa = PBXGroup;
			children = (
				397B60432C18644C00ED6BAF /* LoginWithEmailViewModel.swift */,
			);
			path = ViewModel;
			sourceTree = "<group>";
		};
		397B60452C1865EC00ED6BAF /* ViewModel */ = {
			isa = PBXGroup;
			children = (
				397B60462C18660F00ED6BAF /* SignUpViewModel.swift */,
			);
			path = ViewModel;
			sourceTree = "<group>";
		};
		397B604A2C18751A00ED6BAF /* WishList */ = {
			isa = PBXGroup;
			children = (
				397B604B2C18752300ED6BAF /* View */,
				397B604C2C18752800ED6BAF /* ViewModel */,
				397B604D2C18753100ED6BAF /* Model */,
			);
			path = WishList;
			sourceTree = "<group>";
		};
		397B604B2C18752300ED6BAF /* View */ = {
			isa = PBXGroup;
			children = (
				397B604E2C18757200ED6BAF /* WishListViewController.swift */,
			);
			path = View;
			sourceTree = "<group>";
		};
		397B604C2C18752800ED6BAF /* ViewModel */ = {
			isa = PBXGroup;
			children = (
				397B60572C18773000ED6BAF /* WishListViewModel.swift */,
			);
			path = ViewModel;
			sourceTree = "<group>";
		};
		397B604D2C18753100ED6BAF /* Model */ = {
			isa = PBXGroup;
			children = (
				397B60542C18770300ED6BAF /* Item.swift */,
			);
			path = Model;
			sourceTree = "<group>";
		};
		397FAC2F2C135347005499BA /* Nibfiles */ = {
			isa = PBXGroup;
			children = (
				391098DF2C1355DD005CEE7B /* ReviewTableViewCell.swift */,
				391098E02C1355DD005CEE7B /* ReviewTableViewCell.xib */,
				397FAC302C13537B005499BA /* ProductCollectionXIBCell.swift */,
				397FAC312C13537B005499BA /* ProductCollectionXIBCell.xib */,
				4AA8E19B2C14C75E00F5F07B /* BrandsCollectionXIBCell.swift */,
				4AA8E19C2C14C75E00F5F07B /* BrandsCollectionXIBCell.xib */,
				39A6C5E02C1B8127006A399E /* WishCollectionViewCell.swift */,
				39A6C5E12C1B8127006A399E /* WishCollectionViewCell.xib */,
			);
			path = Nibfiles;
			sourceTree = "<group>";
		};
		3988D3B32C135161001ACA95 /* TabBar */ = {
			isa = PBXGroup;
			children = (
				3988D3B42C135168001ACA95 /* View */,
			);
			path = TabBar;
			sourceTree = "<group>";
		};
		3988D3B42C135168001ACA95 /* View */ = {
			isa = PBXGroup;
			children = (
				3988D3B52C13517E001ACA95 /* TabBar.swift */,
			);
			path = View;
			sourceTree = "<group>";
		};
		39A0774C2C14EB2500472C38 /* Model */ = {
			isa = PBXGroup;
			children = (
				39A0774D2C14EB3B00472C38 /* Customer.swift */,
				39F33E292C175A8500B211DF /* DraftOrderr.swift */,
			);
			path = Model;
			sourceTree = "<group>";
		};
		39D20DD82C133CFA0093AC66 /* Model */ = {
			isa = PBXGroup;
			children = (
				39D20DD92C133D050093AC66 /* AdsItem.swift */,
				4AA8E1992C149EBE00F5F07B /* Brands.swift */,
			);
			name = Model;
			path = View/Model;
			sourceTree = "<group>";
		};
		39D20DDC2C133D2C0093AC66 /* View */ = {
			isa = PBXGroup;
			children = (
				39D20DDB2C133D2C0093AC66 /* CategoryScreenViewController.swift */,
			);
			path = View;
			sourceTree = "<group>";
		};
		39D20DDD2C133D2C0093AC66 /* CategoryScreen */ = {
			isa = PBXGroup;
			children = (
				4AAD6C2D2C186C5900237FE2 /* ViewModel */,
				39D20DDC2C133D2C0093AC66 /* View */,
			);
			name = CategoryScreen;
			path = ../CategoryScreen;
			sourceTree = "<group>";
		};
		39D20DF72C1347140093AC66 /* ProductsScreen */ = {
			isa = PBXGroup;
			children = (
				4AA8E1A22C14E26000F5F07B /* ViewModel */,
				39D20DF82C1347670093AC66 /* View */,
			);
			path = ProductsScreen;
			sourceTree = "<group>";
		};
		39D20DF82C1347670093AC66 /* View */ = {
			isa = PBXGroup;
			children = (
				39D20DFA2C1348160093AC66 /* ProductsScreenViewController.swift */,
			);
			path = View;
			sourceTree = "<group>";
		};
		39E1F7A92C16117600C00575 /* Frameworks */ = {
			isa = PBXGroup;
			children = (
			);
			name = Frameworks;
			sourceTree = "<group>";
		};
		39F211622C13521200ECFA41 /* ProfileScreen */ = {
			isa = PBXGroup;
			children = (
				39F211632C13521900ECFA41 /* View */,
			);
			path = ProfileScreen;
			sourceTree = "<group>";
		};
		39F211632C13521900ECFA41 /* View */ = {
			isa = PBXGroup;
			children = (
				39F211642C13522400ECFA41 /* ProfileScreenViewController.swift */,
			);
			path = View;
			sourceTree = "<group>";
		};
		4A4A46752C20B4BF0079C05B /* Services */ = {
			isa = PBXGroup;
			children = (
				4A4A46762C20B4D90079C05B /* Network */,
			);
			path = Services;
			sourceTree = "<group>";
		};
		4A4A46762C20B4D90079C05B /* Network */ = {
			isa = PBXGroup;
			children = (
				4A4A46772C20B4FE0079C05B /* NetworkService.swift */,
			);
			path = Network;
			sourceTree = "<group>";
		};
		4A9ED4252C1A0D5300B8AFCE /* Model */ = {
			isa = PBXGroup;
			children = (
				4A4A46752C20B4BF0079C05B /* Services */,
				4A9ED4282C1A0DE600B8AFCE /* Model */,
			);
			path = Model;
			sourceTree = "<group>";
		};
		4A9ED4282C1A0DE600B8AFCE /* Model */ = {
			isa = PBXGroup;
			children = (
				1851C0D12C16793F00849BB6 /* DraftOrder.swift */,
				4AA8E1A52C14F56400F5F07B /* Products.swift */,
				186303CB2C1ADCD900A33B58 /* Currency.swift */,
				182772BF2C1E6B75007428C0 /* Order.swift */,
				187029C72C1FF310004AF09B /* RealmDraftOrder.swift */,
			);
			path = Model;
			sourceTree = "<group>";
		};
		4AA8E1962C14947A00F5F07B /* ViewModel */ = {
			isa = PBXGroup;
			children = (
				4AA8E1972C14949700F5F07B /* HomeScreenViewModel.swift */,
			);
			path = ViewModel;
			sourceTree = "<group>";
		};
		4AA8E1A22C14E26000F5F07B /* ViewModel */ = {
			isa = PBXGroup;
			children = (
				4AA8E1A32C14E27600F5F07B /* ProductScreenViewModel.swift */,
			);
			path = ViewModel;
			sourceTree = "<group>";
		};
		4AAD6C2D2C186C5900237FE2 /* ViewModel */ = {
			isa = PBXGroup;
			children = (
				4AAD6C2E2C186C6F00237FE2 /* CategoryScreenViewModel.swift */,
			);
			path = ViewModel;
			sourceTree = "<group>";
		};
		4AC7C50D2C1C875C00031AAF /* OnBoarding */ = {
			isa = PBXGroup;
			children = (
				4AC7C50E2C1C878300031AAF /* View */,
			);
			path = OnBoarding;
			sourceTree = "<group>";
		};
		4AC7C50E2C1C878300031AAF /* View */ = {
			isa = PBXGroup;
			children = (
				4AC7C50F2C1C87A400031AAF /* OnBoardingOneViewController.swift */,
				4AC7C5112C1C87B600031AAF /* OnBoardingTwoViewController.swift */,
				4AC7C5132C1C87C700031AAF /* OnBoardingThreeViewController.swift */,
				4A61F67A2C1F6A7200D6DEE0 /* SignInOrGuestViewController.swift */,
			);
			path = View;
			sourceTree = "<group>";
		};
		4AD192932C0CEAFA00EF34D0 = {
			isa = PBXGroup;
			children = (
				4AD1929E2C0CEAFA00EF34D0 /* Shopify */,
				4AD192B52C0CEB0000EF34D0 /* ShopifyTests */,
				4AD192BF2C0CEB0000EF34D0 /* ShopifyUITests */,
				4AD1929D2C0CEAFA00EF34D0 /* Products */,
				39E1F7A92C16117600C00575 /* Frameworks */,
			);
			sourceTree = "<group>";
		};
		4AD1929D2C0CEAFA00EF34D0 /* Products */ = {
			isa = PBXGroup;
			children = (
				4AD1929C2C0CEAFA00EF34D0 /* Shopify.app */,
				4AD192B22C0CEAFF00EF34D0 /* ShopifyTests.xctest */,
				4AD192BC2C0CEB0000EF34D0 /* ShopifyUITests.xctest */,
			);
			name = Products;
			sourceTree = "<group>";
		};
		4AD1929E2C0CEAFA00EF34D0 /* Shopify */ = {
			isa = PBXGroup;
			children = (
				187029C42C1FF217004AF09B /* DB */,
				18F0AC242C1C8F6900BDE7C0 /* Shopify.entitlements */,
				4AD192E22C0CF5B300EF34D0 /* Modules */,
				4A9ED4252C1A0D5300B8AFCE /* Model */,
				4AD192EA2C0CF66800EF34D0 /* View */,
				4AD192F22C0CF71100EF34D0 /* Utils */,
				4AD192F52C0CF74D00EF34D0 /* Coordinator */,
				4AD1929F2C0CEAFA00EF34D0 /* AppDelegate.swift */,
				4AD192A12C0CEAFA00EF34D0 /* SceneDelegate.swift */,
				4AD192A82C0CEAFE00EF34D0 /* Assets.xcassets */,
				395870962C10DEEE00016FA0 /* GoogleService-Info.plist */,
				4AD192AD2C0CEAFE00EF34D0 /* Info.plist */,
				186303C92C1ADBAF00A33B58 /* CurrencyService.swift */,
			);
			path = Shopify;
			sourceTree = "<group>";
		};
		4AD192B52C0CEB0000EF34D0 /* ShopifyTests */ = {
			isa = PBXGroup;
			children = (
				4AD192B62C0CEB0000EF34D0 /* ShopifyTests.swift */,
			);
			path = ShopifyTests;
			sourceTree = "<group>";
		};
		4AD192BF2C0CEB0000EF34D0 /* ShopifyUITests */ = {
			isa = PBXGroup;
			children = (
				4AD192C02C0CEB0000EF34D0 /* ShopifyUITests.swift */,
				4AD192C22C0CEB0000EF34D0 /* ShopifyUITestsLaunchTests.swift */,
			);
			path = ShopifyUITests;
			sourceTree = "<group>";
		};
		4AD192E22C0CF5B300EF34D0 /* Modules */ = {
			isa = PBXGroup;
			children = (
				390BD40B2C1EF632007D4609 /* Profile */,
				4AC7C50D2C1C875C00031AAF /* OnBoarding */,
				182772C12C1E72D2007428C0 /* Order */,
				18F0AC252C1CA98900BDE7C0 /* Payment */,
				395870872C10DDAF00016FA0 /* Authentication */,
				397B604A2C18751A00ED6BAF /* WishList */,
				3958708E2C10DE8800016FA0 /* MainLogin */,
				3958708D2C10DE7800016FA0 /* LoginWithEmail */,
				395870932C10DEC800016FA0 /* Signup */,
				391098DB2C1355B0005CEE7B /* Reviews */,
				397B60342C184F3200ED6BAF /* ProductInfo */,
				1851C0C92C165D8500849BB6 /* ShoppingCart */,
				39F211622C13521200ECFA41 /* ProfileScreen */,
				3988D3B32C135161001ACA95 /* TabBar */,
				39D20DF72C1347140093AC66 /* ProductsScreen */,
				39D20DDD2C133D2C0093AC66 /* CategoryScreen */,
				1829BFB22C0E8A76004FA5D4 /* Address */,
				18DA18D62C0E6A6D00D82C46 /* Settings */,
				4AD192E32C0CF5BD00EF34D0 /* HomeScreen */,
			);
			path = Modules;
			sourceTree = "<group>";
		};
		4AD192E32C0CF5BD00EF34D0 /* HomeScreen */ = {
			isa = PBXGroup;
			children = (
				4AD192E42C0CF5EE00EF34D0 /* View */,
				4AA8E1962C14947A00F5F07B /* ViewModel */,
				39D20DD82C133CFA0093AC66 /* Model */,
			);
			path = HomeScreen;
			sourceTree = "<group>";
		};
		4AD192E42C0CF5EE00EF34D0 /* View */ = {
			isa = PBXGroup;
			children = (
				4AD192A32C0CEAFA00EF34D0 /* HomeScreenViewController.swift */,
				399564D72C1353F400AD4AC4 /* AdsCollectionCell.swift */,
				399564D62C1353F400AD4AC4 /* BrandsCollectionCell.swift */,
			);
			path = View;
			sourceTree = "<group>";
		};
		4AD192EA2C0CF66800EF34D0 /* View */ = {
			isa = PBXGroup;
			children = (
				397FAC2F2C135347005499BA /* Nibfiles */,
				4AD192EB2C0CF67B00EF34D0 /* AserStoryboard */,
				4AD192ED2C0CF69200EF34D0 /* NadaStoryboard */,
				4AD192EC2C0CF68600EF34D0 /* MinaStoryboard */,
			);
			path = View;
			sourceTree = "<group>";
		};
		4AD192EB2C0CF67B00EF34D0 /* AserStoryboard */ = {
			isa = PBXGroup;
			children = (
				4AD192A52C0CEAFA00EF34D0 /* Main.storyboard */,
				4AD192AA2C0CEAFE00EF34D0 /* LaunchScreen.storyboard */,
			);
			path = AserStoryboard;
			sourceTree = "<group>";
		};
		4AD192EC2C0CF68600EF34D0 /* MinaStoryboard */ = {
			isa = PBXGroup;
			children = (
				4AD192F02C0CF6FD00EF34D0 /* MinaStoryboard.storyboard */,
			);
			path = MinaStoryboard;
			sourceTree = "<group>";
		};
		4AD192ED2C0CF69200EF34D0 /* NadaStoryboard */ = {
			isa = PBXGroup;
			children = (
				4AD192EE2C0CF6EA00EF34D0 /* Setting.storyboard */,
			);
			path = NadaStoryboard;
			sourceTree = "<group>";
		};
		4AD192F22C0CF71100EF34D0 /* Utils */ = {
			isa = PBXGroup;
			children = (
				4AD192F32C0CF73400EF34D0 /* Constant.swift */,
				1866D80E2C14B83200E7C47C /* countries.json */,
				3911822E2C1DBE4C00C3C4B7 /* UtilMethods.swift */,
			);
			path = Utils;
			sourceTree = "<group>";
		};
		4AD192F52C0CF74D00EF34D0 /* Coordinator */ = {
			isa = PBXGroup;
			children = (
				4AD192F62C0CF76B00EF34D0 /* MainCoordinator.swift */,
				18DA18DE2C0E757900D82C46 /* Storyboard.swift */,
			);
			path = Coordinator;
			sourceTree = "<group>";
		};
/* End PBXGroup section */

/* Begin PBXNativeTarget section */
		4AD1929B2C0CEAFA00EF34D0 /* Shopify */ = {
			isa = PBXNativeTarget;
			buildConfigurationList = 4AD192C62C0CEB0000EF34D0 /* Build configuration list for PBXNativeTarget "Shopify" */;
			buildPhases = (
				4AD192982C0CEAFA00EF34D0 /* Sources */,
				4AD192992C0CEAFA00EF34D0 /* Frameworks */,
				4AD1929A2C0CEAFA00EF34D0 /* Resources */,
			);
			buildRules = (
			);
			dependencies = (
			);
			name = Shopify;
			packageProductDependencies = (
				4AD192D02C0CEDD300EF34D0 /* RealmSwift */,
				4AD192D32C0CF04200EF34D0 /* Kingfisher */,
				4AD192D62C0CF40700EF34D0 /* Lottie */,
				4AD192D92C0CF43000EF34D0 /* RxAlamofire */,
				4AD192DC2C0CF53900EF34D0 /* Reachability */,
				4AD192DF2C0CF55B00EF34D0 /* Cosmos */,
				3958709D2C10E03C00016FA0 /* FirebaseAnalytics */,
				3958709F2C10E03C00016FA0 /* FirebaseAnalyticsSwift */,
				395870A12C10E03C00016FA0 /* FirebaseAuth */,
				395870A42C10E08800016FA0 /* GoogleSignIn */,
				395870A62C10E08800016FA0 /* GoogleSignInSwift */,
				39E1F7AA2C16117600C00575 /* FirebaseFirestore */,
				39E1F7AC2C16117600C00575 /* FirebaseFirestoreSwift */,
			);
			productName = Shopify;
			productReference = 4AD1929C2C0CEAFA00EF34D0 /* Shopify.app */;
			productType = "com.apple.product-type.application";
		};
		4AD192B12C0CEAFF00EF34D0 /* ShopifyTests */ = {
			isa = PBXNativeTarget;
			buildConfigurationList = 4AD192C92C0CEB0000EF34D0 /* Build configuration list for PBXNativeTarget "ShopifyTests" */;
			buildPhases = (
				4AD192AE2C0CEAFF00EF34D0 /* Sources */,
				4AD192AF2C0CEAFF00EF34D0 /* Frameworks */,
				4AD192B02C0CEAFF00EF34D0 /* Resources */,
			);
			buildRules = (
			);
			dependencies = (
				4AD192B42C0CEAFF00EF34D0 /* PBXTargetDependency */,
			);
			name = ShopifyTests;
			productName = ShopifyTests;
			productReference = 4AD192B22C0CEAFF00EF34D0 /* ShopifyTests.xctest */;
			productType = "com.apple.product-type.bundle.unit-test";
		};
		4AD192BB2C0CEB0000EF34D0 /* ShopifyUITests */ = {
			isa = PBXNativeTarget;
			buildConfigurationList = 4AD192CC2C0CEB0000EF34D0 /* Build configuration list for PBXNativeTarget "ShopifyUITests" */;
			buildPhases = (
				4AD192B82C0CEB0000EF34D0 /* Sources */,
				4AD192B92C0CEB0000EF34D0 /* Frameworks */,
				4AD192BA2C0CEB0000EF34D0 /* Resources */,
			);
			buildRules = (
			);
			dependencies = (
				4AD192BE2C0CEB0000EF34D0 /* PBXTargetDependency */,
			);
			name = ShopifyUITests;
			productName = ShopifyUITests;
			productReference = 4AD192BC2C0CEB0000EF34D0 /* ShopifyUITests.xctest */;
			productType = "com.apple.product-type.bundle.ui-testing";
		};
/* End PBXNativeTarget section */

/* Begin PBXProject section */
		4AD192942C0CEAFA00EF34D0 /* Project object */ = {
			isa = PBXProject;
			attributes = {
				BuildIndependentTargetsInParallel = 1;
				LastSwiftUpdateCheck = 1520;
				LastUpgradeCheck = 1520;
				TargetAttributes = {
					4AD1929B2C0CEAFA00EF34D0 = {
						CreatedOnToolsVersion = 15.2;
					};
					4AD192B12C0CEAFF00EF34D0 = {
						CreatedOnToolsVersion = 15.2;
						TestTargetID = 4AD1929B2C0CEAFA00EF34D0;
					};
					4AD192BB2C0CEB0000EF34D0 = {
						CreatedOnToolsVersion = 15.2;
						TestTargetID = 4AD1929B2C0CEAFA00EF34D0;
					};
				};
			};
			buildConfigurationList = 4AD192972C0CEAFA00EF34D0 /* Build configuration list for PBXProject "Shopify" */;
			compatibilityVersion = "Xcode 14.0";
			developmentRegion = en;
			hasScannedForEncodings = 0;
			knownRegions = (
				en,
				Base,
			);
			mainGroup = 4AD192932C0CEAFA00EF34D0;
			packageReferences = (
				4AD192CF2C0CEDD300EF34D0 /* XCRemoteSwiftPackageReference "realm-swift" */,
				4AD192D22C0CF04200EF34D0 /* XCRemoteSwiftPackageReference "Kingfisher" */,
				4AD192D52C0CF40700EF34D0 /* XCRemoteSwiftPackageReference "lottie-ios" */,
				4AD192D82C0CF43000EF34D0 /* XCRemoteSwiftPackageReference "RxAlamofire" */,
				4AD192DB2C0CF53900EF34D0 /* XCRemoteSwiftPackageReference "Reachability.swift" */,
				4AD192DE2C0CF55B00EF34D0 /* XCRemoteSwiftPackageReference "Cosmos" */,
				3958709C2C10E03C00016FA0 /* XCRemoteSwiftPackageReference "firebase-ios-sdk" */,
				395870A32C10E08800016FA0 /* XCRemoteSwiftPackageReference "GoogleSignIn-iOS" */,
			);
			productRefGroup = 4AD1929D2C0CEAFA00EF34D0 /* Products */;
			projectDirPath = "";
			projectRoot = "";
			targets = (
				4AD1929B2C0CEAFA00EF34D0 /* Shopify */,
				4AD192B12C0CEAFF00EF34D0 /* ShopifyTests */,
				4AD192BB2C0CEB0000EF34D0 /* ShopifyUITests */,
			);
		};
/* End PBXProject section */

/* Begin PBXResourcesBuildPhase section */
		4AD1929A2C0CEAFA00EF34D0 /* Resources */ = {
			isa = PBXResourcesBuildPhase;
			buildActionMask = 2147483647;
			files = (
				4AA8E19E2C14C75E00F5F07B /* BrandsCollectionXIBCell.xib in Resources */,
				39A6C5E22C1B8127006A399E /* WishCollectionViewCell.xib in Resources */,
				4AD192AC2C0CEAFE00EF34D0 /* LaunchScreen.storyboard in Resources */,
				397FAC332C13537B005499BA /* ProductCollectionXIBCell.xib in Resources */,
				4AD192EF2C0CF6EA00EF34D0 /* Setting.storyboard in Resources */,
				1866D80F2C14B83200E7C47C /* countries.json in Resources */,
				4AD192F12C0CF6FD00EF34D0 /* MinaStoryboard.storyboard in Resources */,
				4AD192A92C0CEAFE00EF34D0 /* Assets.xcassets in Resources */,
				391098E32C1355DD005CEE7B /* ReviewTableViewCell.xib in Resources */,
				4AD192A72C0CEAFA00EF34D0 /* Main.storyboard in Resources */,
				395870972C10DEEE00016FA0 /* GoogleService-Info.plist in Resources */,
			);
			runOnlyForDeploymentPostprocessing = 0;
		};
		4AD192B02C0CEAFF00EF34D0 /* Resources */ = {
			isa = PBXResourcesBuildPhase;
			buildActionMask = 2147483647;
			files = (
			);
			runOnlyForDeploymentPostprocessing = 0;
		};
		4AD192BA2C0CEB0000EF34D0 /* Resources */ = {
			isa = PBXResourcesBuildPhase;
			buildActionMask = 2147483647;
			files = (
			);
			runOnlyForDeploymentPostprocessing = 0;
		};
/* End PBXResourcesBuildPhase section */

/* Begin PBXSourcesBuildPhase section */
		4AD192982C0CEAFA00EF34D0 /* Sources */ = {
			isa = PBXSourcesBuildPhase;
			buildActionMask = 2147483647;
			files = (
				182772C42C1E7303007428C0 /* OrderConfirmedViewController.swift in Sources */,
				1851C0D22C16793F00849BB6 /* DraftOrder.swift in Sources */,
				1877DC412C13A4F9002F709E /* NewAddressViewModel.swift in Sources */,
				397B60582C18773000ED6BAF /* WishListViewModel.swift in Sources */,
				397B60472C18660F00ED6BAF /* SignUpViewModel.swift in Sources */,
				397B60492C18684E00ED6BAF /* ReviewsViewModel.swift in Sources */,
				187029C82C1FF310004AF09B /* RealmDraftOrder.swift in Sources */,
				1829BFB82C0E8AD3004FA5D4 /* NewAddressViewController.swift in Sources */,
				18F0AC312C1D46C700BDE7C0 /* PaymentMethodViewModel.swift in Sources */,
				4AA8E1A42C14E27600F5F07B /* ProductScreenViewModel.swift in Sources */,
				4AA8E19A2C149EBE00F5F07B /* Brands.swift in Sources */,
				4AAD6C2F2C186C6F00237FE2 /* CategoryScreenViewModel.swift in Sources */,
				4AD192A42C0CEAFA00EF34D0 /* HomeScreenViewController.swift in Sources */,
				18F46ADD2C17CCE600A31A97 /* Variant.swift in Sources */,
				1866D8092C14AEFD00E7C47C /* MenuListViewController.swift in Sources */,
				390BD4112C1EF691007D4609 /* ProfileViewModel.swift in Sources */,
				4A5E44432C135E8900695AA9 /* CategoryScreenViewController.swift in Sources */,
				397B60552C18770300ED6BAF /* Item.swift in Sources */,
				18DA18DD2C0E6BE700D82C46 /* AboutUsViewController.swift in Sources */,
				4AD192A02C0CEAFA00EF34D0 /* AppDelegate.swift in Sources */,
				1851C0D02C165E0700849BB6 /* ShoppingCartTableViewCell.swift in Sources */,
				3911822F2C1DBE4C00C3C4B7 /* UtilMethods.swift in Sources */,
				18F0AC2B2C1CAA1800BDE7C0 /* PaymentViewModel.swift in Sources */,
				39D20DFB2C1348160093AC66 /* ProductsScreenViewController.swift in Sources */,
				4A61F67B2C1F6A7200D6DEE0 /* SignInOrGuestViewController.swift in Sources */,
				1866D80D2C14B0E000E7C47C /* DataLoader.swift in Sources */,
				4AD192A22C0CEAFA00EF34D0 /* SceneDelegate.swift in Sources */,
				390BD40F2C1EF682007D4609 /* ProfileViewController.swift in Sources */,
				390BD4142C1F0106007D4609 /* OrdersModel.swift in Sources */,
				18DA18DB2C0E6BCE00D82C46 /* ContactUsViewController.swift in Sources */,
				1877DC3D2C138BC0002F709E /* Address.swift in Sources */,
				4AD192F72C0CF76B00EF34D0 /* MainCoordinator.swift in Sources */,
				4A4A46782C20B4FE0079C05B /* NetworkService.swift in Sources */,
				397B60412C18611500ED6BAF /* GeneralLoginViewModel.swift in Sources */,
				4AC7C5122C1C87B600031AAF /* OnBoardingTwoViewController.swift in Sources */,
				39A0774E2C14EB3B00472C38 /* Customer.swift in Sources */,
				391182312C1DBEB000C3C4B7 /* UserDefaultsManager.swift in Sources */,
				18DA18DF2C0E757900D82C46 /* Storyboard.swift in Sources */,
				391098E62C1355F1005CEE7B /* Review.swift in Sources */,
				391098E22C1355DD005CEE7B /* ReviewTableViewCell.swift in Sources */,
				39F33E2A2C175A8500B211DF /* DraftOrderr.swift in Sources */,
				1877DC3F2C138C2B002F709E /* AddressesTableViewCell.swift in Sources */,
				4AA8E1A62C14F56400F5F07B /* Products.swift in Sources */,
				18DA18D92C0E6B9D00D82C46 /* SettingViewController.swift in Sources */,
				397B603A2C18501100ED6BAF /* ProductInfoViewModel.swift in Sources */,
				1851C0D42C1679A500849BB6 /* ShoppingCartViewModel.swift in Sources */,
				395870952C10DEE000016FA0 /* SignUpViewController.swift in Sources */,
				39A6C5E32C1B8127006A399E /* WishCollectionViewCell.swift in Sources */,
				4AA8E1982C14949700F5F07B /* HomeScreenViewModel.swift in Sources */,
				186303CC2C1ADCD900A33B58 /* Currency.swift in Sources */,
				1829BFB62C0E8AC3004FA5D4 /* AddressesViewController.swift in Sources */,
				395870922C10DE9D00016FA0 /* LoginWithEmailViewController.swift in Sources */,
				399564D92C1353F400AD4AC4 /* AdsCollectionCell.swift in Sources */,
				39D20DDA2C133D050093AC66 /* AdsItem.swift in Sources */,
				186303CA2C1ADBAF00A33B58 /* CurrencyService.swift in Sources */,
				18F0AC292C1CA9CD00BDE7C0 /* PaymentViewController.swift in Sources */,
				18F0AC2D2C1D189E00BDE7C0 /* MockPaymentProcessor.swift in Sources */,
				18F0AC2F2C1D394800BDE7C0 /* PaymentMethodViewController.swift in Sources */,
				182772C02C1E6B75007428C0 /* Order.swift in Sources */,
				186303C82C1AD01500A33B58 /* SettingViewModel.swift in Sources */,
				391098DE2C1355C1005CEE7B /* ReviewsViewController.swift in Sources */,
				18FEA7322C13866500F16304 /* AddressesViewModel.swift in Sources */,
				4AD192F42C0CF73400EF34D0 /* Constant.swift in Sources */,
				4AC7C5142C1C87C700031AAF /* OnBoardingThreeViewController.swift in Sources */,
				397FAC322C13537B005499BA /* ProductCollectionXIBCell.swift in Sources */,
				399564D82C1353F400AD4AC4 /* BrandsCollectionCell.swift in Sources */,
				1866D80B2C14AF3F00E7C47C /* Country.swift in Sources */,
				187029C62C1FF237004AF09B /* RealmManager.swift in Sources */,
				1851C0CE2C165DED00849BB6 /* ShoppingCartViewController.swift in Sources */,
				395870902C10DE9300016FA0 /* GeneralLoginViewController.swift in Sources */,
				39F211652C13522400ECFA41 /* ProfileScreenViewController.swift in Sources */,
				397B604F2C18757200ED6BAF /* WishListViewController.swift in Sources */,
				3958709B2C10DF9500016FA0 /* AuthenticationManager.swift in Sources */,
				391098E42C1355DD005CEE7B /* ProductsInfoViewController.swift in Sources */,
				4AA8E19D2C14C75E00F5F07B /* BrandsCollectionXIBCell.swift in Sources */,
				397B60442C18644C00ED6BAF /* LoginWithEmailViewModel.swift in Sources */,
				3988D3B62C13517E001ACA95 /* TabBar.swift in Sources */,
				4AC7C5102C1C87A400031AAF /* OnBoardingOneViewController.swift in Sources */,
			);
			runOnlyForDeploymentPostprocessing = 0;
		};
		4AD192AE2C0CEAFF00EF34D0 /* Sources */ = {
			isa = PBXSourcesBuildPhase;
			buildActionMask = 2147483647;
			files = (
				4AD192B72C0CEB0000EF34D0 /* ShopifyTests.swift in Sources */,
			);
			runOnlyForDeploymentPostprocessing = 0;
		};
		4AD192B82C0CEB0000EF34D0 /* Sources */ = {
			isa = PBXSourcesBuildPhase;
			buildActionMask = 2147483647;
			files = (
				4AD192C12C0CEB0000EF34D0 /* ShopifyUITests.swift in Sources */,
				4AD192C32C0CEB0000EF34D0 /* ShopifyUITestsLaunchTests.swift in Sources */,
			);
			runOnlyForDeploymentPostprocessing = 0;
		};
/* End PBXSourcesBuildPhase section */

/* Begin PBXTargetDependency section */
		4AD192B42C0CEAFF00EF34D0 /* PBXTargetDependency */ = {
			isa = PBXTargetDependency;
			target = 4AD1929B2C0CEAFA00EF34D0 /* Shopify */;
			targetProxy = 4AD192B32C0CEAFF00EF34D0 /* PBXContainerItemProxy */;
		};
		4AD192BE2C0CEB0000EF34D0 /* PBXTargetDependency */ = {
			isa = PBXTargetDependency;
			target = 4AD1929B2C0CEAFA00EF34D0 /* Shopify */;
			targetProxy = 4AD192BD2C0CEB0000EF34D0 /* PBXContainerItemProxy */;
		};
/* End PBXTargetDependency section */

/* Begin PBXVariantGroup section */
		4AD192A52C0CEAFA00EF34D0 /* Main.storyboard */ = {
			isa = PBXVariantGroup;
			children = (
				4AD192A62C0CEAFA00EF34D0 /* Base */,
			);
			name = Main.storyboard;
			sourceTree = "<group>";
		};
		4AD192AA2C0CEAFE00EF34D0 /* LaunchScreen.storyboard */ = {
			isa = PBXVariantGroup;
			children = (
				4AD192AB2C0CEAFE00EF34D0 /* Base */,
			);
			name = LaunchScreen.storyboard;
			sourceTree = "<group>";
		};
/* End PBXVariantGroup section */

/* Begin XCBuildConfiguration section */
		4AD192C42C0CEB0000EF34D0 /* Debug */ = {
			isa = XCBuildConfiguration;
			buildSettings = {
				ALWAYS_SEARCH_USER_PATHS = NO;
				ASSETCATALOG_COMPILER_GENERATE_SWIFT_ASSET_SYMBOL_EXTENSIONS = YES;
				CLANG_ANALYZER_NONNULL = YES;
				CLANG_ANALYZER_NUMBER_OBJECT_CONVERSION = YES_AGGRESSIVE;
				CLANG_CXX_LANGUAGE_STANDARD = "gnu++20";
				CLANG_ENABLE_MODULES = YES;
				CLANG_ENABLE_OBJC_ARC = YES;
				CLANG_ENABLE_OBJC_WEAK = YES;
				CLANG_WARN_BLOCK_CAPTURE_AUTORELEASING = YES;
				CLANG_WARN_BOOL_CONVERSION = YES;
				CLANG_WARN_COMMA = YES;
				CLANG_WARN_CONSTANT_CONVERSION = YES;
				CLANG_WARN_DEPRECATED_OBJC_IMPLEMENTATIONS = YES;
				CLANG_WARN_DIRECT_OBJC_ISA_USAGE = YES_ERROR;
				CLANG_WARN_DOCUMENTATION_COMMENTS = YES;
				CLANG_WARN_EMPTY_BODY = YES;
				CLANG_WARN_ENUM_CONVERSION = YES;
				CLANG_WARN_INFINITE_RECURSION = YES;
				CLANG_WARN_INT_CONVERSION = YES;
				CLANG_WARN_NON_LITERAL_NULL_CONVERSION = YES;
				CLANG_WARN_OBJC_IMPLICIT_RETAIN_SELF = YES;
				CLANG_WARN_OBJC_LITERAL_CONVERSION = YES;
				CLANG_WARN_OBJC_ROOT_CLASS = YES_ERROR;
				CLANG_WARN_QUOTED_INCLUDE_IN_FRAMEWORK_HEADER = YES;
				CLANG_WARN_RANGE_LOOP_ANALYSIS = YES;
				CLANG_WARN_STRICT_PROTOTYPES = YES;
				CLANG_WARN_SUSPICIOUS_MOVE = YES;
				CLANG_WARN_UNGUARDED_AVAILABILITY = YES_AGGRESSIVE;
				CLANG_WARN_UNREACHABLE_CODE = YES;
				CLANG_WARN__DUPLICATE_METHOD_MATCH = YES;
				COPY_PHASE_STRIP = NO;
				DEBUG_INFORMATION_FORMAT = dwarf;
				ENABLE_STRICT_OBJC_MSGSEND = YES;
				ENABLE_TESTABILITY = YES;
				ENABLE_USER_SCRIPT_SANDBOXING = YES;
				GCC_C_LANGUAGE_STANDARD = gnu17;
				GCC_DYNAMIC_NO_PIC = NO;
				GCC_NO_COMMON_BLOCKS = YES;
				GCC_OPTIMIZATION_LEVEL = 0;
				GCC_PREPROCESSOR_DEFINITIONS = (
					"DEBUG=1",
					"$(inherited)",
				);
				GCC_WARN_64_TO_32_BIT_CONVERSION = YES;
				GCC_WARN_ABOUT_RETURN_TYPE = YES_ERROR;
				GCC_WARN_UNDECLARED_SELECTOR = YES;
				GCC_WARN_UNINITIALIZED_AUTOS = YES_AGGRESSIVE;
				GCC_WARN_UNUSED_FUNCTION = YES;
				GCC_WARN_UNUSED_VARIABLE = YES;
				IPHONEOS_DEPLOYMENT_TARGET = 17.2;
				LOCALIZATION_PREFERS_STRING_CATALOGS = YES;
				MTL_ENABLE_DEBUG_INFO = INCLUDE_SOURCE;
				MTL_FAST_MATH = YES;
				ONLY_ACTIVE_ARCH = YES;
				SDKROOT = iphoneos;
				SWIFT_ACTIVE_COMPILATION_CONDITIONS = "DEBUG $(inherited)";
				SWIFT_OPTIMIZATION_LEVEL = "-Onone";
			};
			name = Debug;
		};
		4AD192C52C0CEB0000EF34D0 /* Release */ = {
			isa = XCBuildConfiguration;
			buildSettings = {
				ALWAYS_SEARCH_USER_PATHS = NO;
				ASSETCATALOG_COMPILER_GENERATE_SWIFT_ASSET_SYMBOL_EXTENSIONS = YES;
				CLANG_ANALYZER_NONNULL = YES;
				CLANG_ANALYZER_NUMBER_OBJECT_CONVERSION = YES_AGGRESSIVE;
				CLANG_CXX_LANGUAGE_STANDARD = "gnu++20";
				CLANG_ENABLE_MODULES = YES;
				CLANG_ENABLE_OBJC_ARC = YES;
				CLANG_ENABLE_OBJC_WEAK = YES;
				CLANG_WARN_BLOCK_CAPTURE_AUTORELEASING = YES;
				CLANG_WARN_BOOL_CONVERSION = YES;
				CLANG_WARN_COMMA = YES;
				CLANG_WARN_CONSTANT_CONVERSION = YES;
				CLANG_WARN_DEPRECATED_OBJC_IMPLEMENTATIONS = YES;
				CLANG_WARN_DIRECT_OBJC_ISA_USAGE = YES_ERROR;
				CLANG_WARN_DOCUMENTATION_COMMENTS = YES;
				CLANG_WARN_EMPTY_BODY = YES;
				CLANG_WARN_ENUM_CONVERSION = YES;
				CLANG_WARN_INFINITE_RECURSION = YES;
				CLANG_WARN_INT_CONVERSION = YES;
				CLANG_WARN_NON_LITERAL_NULL_CONVERSION = YES;
				CLANG_WARN_OBJC_IMPLICIT_RETAIN_SELF = YES;
				CLANG_WARN_OBJC_LITERAL_CONVERSION = YES;
				CLANG_WARN_OBJC_ROOT_CLASS = YES_ERROR;
				CLANG_WARN_QUOTED_INCLUDE_IN_FRAMEWORK_HEADER = YES;
				CLANG_WARN_RANGE_LOOP_ANALYSIS = YES;
				CLANG_WARN_STRICT_PROTOTYPES = YES;
				CLANG_WARN_SUSPICIOUS_MOVE = YES;
				CLANG_WARN_UNGUARDED_AVAILABILITY = YES_AGGRESSIVE;
				CLANG_WARN_UNREACHABLE_CODE = YES;
				CLANG_WARN__DUPLICATE_METHOD_MATCH = YES;
				COPY_PHASE_STRIP = NO;
				DEBUG_INFORMATION_FORMAT = "dwarf-with-dsym";
				ENABLE_NS_ASSERTIONS = NO;
				ENABLE_STRICT_OBJC_MSGSEND = YES;
				ENABLE_USER_SCRIPT_SANDBOXING = YES;
				GCC_C_LANGUAGE_STANDARD = gnu17;
				GCC_NO_COMMON_BLOCKS = YES;
				GCC_WARN_64_TO_32_BIT_CONVERSION = YES;
				GCC_WARN_ABOUT_RETURN_TYPE = YES_ERROR;
				GCC_WARN_UNDECLARED_SELECTOR = YES;
				GCC_WARN_UNINITIALIZED_AUTOS = YES_AGGRESSIVE;
				GCC_WARN_UNUSED_FUNCTION = YES;
				GCC_WARN_UNUSED_VARIABLE = YES;
				IPHONEOS_DEPLOYMENT_TARGET = 17.2;
				LOCALIZATION_PREFERS_STRING_CATALOGS = YES;
				MTL_ENABLE_DEBUG_INFO = NO;
				MTL_FAST_MATH = YES;
				SDKROOT = iphoneos;
				SWIFT_COMPILATION_MODE = wholemodule;
				VALIDATE_PRODUCT = YES;
			};
			name = Release;
		};
		4AD192C72C0CEB0000EF34D0 /* Debug */ = {
			isa = XCBuildConfiguration;
			buildSettings = {
				ASSETCATALOG_COMPILER_APPICON_NAME = AppIcon;
				ASSETCATALOG_COMPILER_GLOBAL_ACCENT_COLOR_NAME = AccentColor;
				CODE_SIGN_ENTITLEMENTS = Shopify/Shopify.entitlements;
				CODE_SIGN_STYLE = Automatic;
				CURRENT_PROJECT_VERSION = 1;
				DEVELOPMENT_TEAM = "";
				GENERATE_INFOPLIST_FILE = YES;
				INFOPLIST_FILE = Shopify/Info.plist;
				INFOPLIST_KEY_UIApplicationSupportsIndirectInputEvents = YES;
				INFOPLIST_KEY_UILaunchStoryboardName = LaunchScreen;
				INFOPLIST_KEY_UIMainStoryboardFile = Main;
				INFOPLIST_KEY_UISupportedInterfaceOrientations_iPad = "UIInterfaceOrientationPortrait UIInterfaceOrientationPortraitUpsideDown UIInterfaceOrientationLandscapeLeft UIInterfaceOrientationLandscapeRight";
				INFOPLIST_KEY_UISupportedInterfaceOrientations_iPhone = "UIInterfaceOrientationPortrait UIInterfaceOrientationLandscapeLeft UIInterfaceOrientationLandscapeRight";
				LD_RUNPATH_SEARCH_PATHS = (
					"$(inherited)",
					"@executable_path/Frameworks",
				);
				MARKETING_VERSION = 1.0;
				PRODUCT_BUNDLE_IDENTIFIER = asereid.Shopify;
				PRODUCT_NAME = "$(TARGET_NAME)";
				SWIFT_EMIT_LOC_STRINGS = YES;
				SWIFT_VERSION = 5.0;
				TARGETED_DEVICE_FAMILY = "1,2";
			};
			name = Debug;
		};
		4AD192C82C0CEB0000EF34D0 /* Release */ = {
			isa = XCBuildConfiguration;
			buildSettings = {
				ASSETCATALOG_COMPILER_APPICON_NAME = AppIcon;
				ASSETCATALOG_COMPILER_GLOBAL_ACCENT_COLOR_NAME = AccentColor;
				CODE_SIGN_ENTITLEMENTS = Shopify/Shopify.entitlements;
				CODE_SIGN_STYLE = Automatic;
				CURRENT_PROJECT_VERSION = 1;
				DEVELOPMENT_TEAM = "";
				GENERATE_INFOPLIST_FILE = YES;
				INFOPLIST_FILE = Shopify/Info.plist;
				INFOPLIST_KEY_UIApplicationSupportsIndirectInputEvents = YES;
				INFOPLIST_KEY_UILaunchStoryboardName = LaunchScreen;
				INFOPLIST_KEY_UIMainStoryboardFile = Main;
				INFOPLIST_KEY_UISupportedInterfaceOrientations_iPad = "UIInterfaceOrientationPortrait UIInterfaceOrientationPortraitUpsideDown UIInterfaceOrientationLandscapeLeft UIInterfaceOrientationLandscapeRight";
				INFOPLIST_KEY_UISupportedInterfaceOrientations_iPhone = "UIInterfaceOrientationPortrait UIInterfaceOrientationLandscapeLeft UIInterfaceOrientationLandscapeRight";
				LD_RUNPATH_SEARCH_PATHS = (
					"$(inherited)",
					"@executable_path/Frameworks",
				);
				MARKETING_VERSION = 1.0;
				PRODUCT_BUNDLE_IDENTIFIER = asereid.Shopify;
				PRODUCT_NAME = "$(TARGET_NAME)";
				SWIFT_EMIT_LOC_STRINGS = YES;
				SWIFT_VERSION = 5.0;
				TARGETED_DEVICE_FAMILY = "1,2";
			};
			name = Release;
		};
		4AD192CA2C0CEB0000EF34D0 /* Debug */ = {
			isa = XCBuildConfiguration;
			buildSettings = {
				ALWAYS_EMBED_SWIFT_STANDARD_LIBRARIES = YES;
				BUNDLE_LOADER = "$(TEST_HOST)";
				CODE_SIGN_STYLE = Automatic;
				CURRENT_PROJECT_VERSION = 1;
				DEVELOPMENT_TEAM = S279569A3K;
				GENERATE_INFOPLIST_FILE = YES;
				IPHONEOS_DEPLOYMENT_TARGET = 17.2;
				MARKETING_VERSION = 1.0;
				PRODUCT_BUNDLE_IDENTIFIER = asereid.ShopifyTests;
				PRODUCT_NAME = "$(TARGET_NAME)";
				SWIFT_EMIT_LOC_STRINGS = NO;
				SWIFT_VERSION = 5.0;
				TARGETED_DEVICE_FAMILY = "1,2";
				TEST_HOST = "$(BUILT_PRODUCTS_DIR)/Shopify.app/$(BUNDLE_EXECUTABLE_FOLDER_PATH)/Shopify";
			};
			name = Debug;
		};
		4AD192CB2C0CEB0000EF34D0 /* Release */ = {
			isa = XCBuildConfiguration;
			buildSettings = {
				ALWAYS_EMBED_SWIFT_STANDARD_LIBRARIES = YES;
				BUNDLE_LOADER = "$(TEST_HOST)";
				CODE_SIGN_STYLE = Automatic;
				CURRENT_PROJECT_VERSION = 1;
				DEVELOPMENT_TEAM = S279569A3K;
				GENERATE_INFOPLIST_FILE = YES;
				IPHONEOS_DEPLOYMENT_TARGET = 17.2;
				MARKETING_VERSION = 1.0;
				PRODUCT_BUNDLE_IDENTIFIER = asereid.ShopifyTests;
				PRODUCT_NAME = "$(TARGET_NAME)";
				SWIFT_EMIT_LOC_STRINGS = NO;
				SWIFT_VERSION = 5.0;
				TARGETED_DEVICE_FAMILY = "1,2";
				TEST_HOST = "$(BUILT_PRODUCTS_DIR)/Shopify.app/$(BUNDLE_EXECUTABLE_FOLDER_PATH)/Shopify";
			};
			name = Release;
		};
		4AD192CD2C0CEB0000EF34D0 /* Debug */ = {
			isa = XCBuildConfiguration;
			buildSettings = {
				ALWAYS_EMBED_SWIFT_STANDARD_LIBRARIES = YES;
				CODE_SIGN_STYLE = Automatic;
				CURRENT_PROJECT_VERSION = 1;
				DEVELOPMENT_TEAM = S279569A3K;
				GENERATE_INFOPLIST_FILE = YES;
				MARKETING_VERSION = 1.0;
				PRODUCT_BUNDLE_IDENTIFIER = asereid.ShopifyUITests;
				PRODUCT_NAME = "$(TARGET_NAME)";
				SWIFT_EMIT_LOC_STRINGS = NO;
				SWIFT_VERSION = 5.0;
				TARGETED_DEVICE_FAMILY = "1,2";
				TEST_TARGET_NAME = Shopify;
			};
			name = Debug;
		};
		4AD192CE2C0CEB0000EF34D0 /* Release */ = {
			isa = XCBuildConfiguration;
			buildSettings = {
				ALWAYS_EMBED_SWIFT_STANDARD_LIBRARIES = YES;
				CODE_SIGN_STYLE = Automatic;
				CURRENT_PROJECT_VERSION = 1;
				DEVELOPMENT_TEAM = S279569A3K;
				GENERATE_INFOPLIST_FILE = YES;
				MARKETING_VERSION = 1.0;
				PRODUCT_BUNDLE_IDENTIFIER = asereid.ShopifyUITests;
				PRODUCT_NAME = "$(TARGET_NAME)";
				SWIFT_EMIT_LOC_STRINGS = NO;
				SWIFT_VERSION = 5.0;
				TARGETED_DEVICE_FAMILY = "1,2";
				TEST_TARGET_NAME = Shopify;
			};
			name = Release;
		};
/* End XCBuildConfiguration section */

/* Begin XCConfigurationList section */
		4AD192972C0CEAFA00EF34D0 /* Build configuration list for PBXProject "Shopify" */ = {
			isa = XCConfigurationList;
			buildConfigurations = (
				4AD192C42C0CEB0000EF34D0 /* Debug */,
				4AD192C52C0CEB0000EF34D0 /* Release */,
			);
			defaultConfigurationIsVisible = 0;
			defaultConfigurationName = Release;
		};
		4AD192C62C0CEB0000EF34D0 /* Build configuration list for PBXNativeTarget "Shopify" */ = {
			isa = XCConfigurationList;
			buildConfigurations = (
				4AD192C72C0CEB0000EF34D0 /* Debug */,
				4AD192C82C0CEB0000EF34D0 /* Release */,
			);
			defaultConfigurationIsVisible = 0;
			defaultConfigurationName = Release;
		};
		4AD192C92C0CEB0000EF34D0 /* Build configuration list for PBXNativeTarget "ShopifyTests" */ = {
			isa = XCConfigurationList;
			buildConfigurations = (
				4AD192CA2C0CEB0000EF34D0 /* Debug */,
				4AD192CB2C0CEB0000EF34D0 /* Release */,
			);
			defaultConfigurationIsVisible = 0;
			defaultConfigurationName = Release;
		};
		4AD192CC2C0CEB0000EF34D0 /* Build configuration list for PBXNativeTarget "ShopifyUITests" */ = {
			isa = XCConfigurationList;
			buildConfigurations = (
				4AD192CD2C0CEB0000EF34D0 /* Debug */,
				4AD192CE2C0CEB0000EF34D0 /* Release */,
			);
			defaultConfigurationIsVisible = 0;
			defaultConfigurationName = Release;
		};
/* End XCConfigurationList section */

/* Begin XCRemoteSwiftPackageReference section */
		3958709C2C10E03C00016FA0 /* XCRemoteSwiftPackageReference "firebase-ios-sdk" */ = {
			isa = XCRemoteSwiftPackageReference;
			repositoryURL = "https://github.com/firebase/firebase-ios-sdk";
			requirement = {
				kind = upToNextMajorVersion;
				minimumVersion = 10.27.0;
			};
		};
		395870A32C10E08800016FA0 /* XCRemoteSwiftPackageReference "GoogleSignIn-iOS" */ = {
			isa = XCRemoteSwiftPackageReference;
			repositoryURL = "https://github.com/google/GoogleSignIn-iOS";
			requirement = {
				kind = upToNextMajorVersion;
				minimumVersion = 7.1.0;
			};
		};
		4AD192CF2C0CEDD300EF34D0 /* XCRemoteSwiftPackageReference "realm-swift" */ = {
			isa = XCRemoteSwiftPackageReference;
			repositoryURL = "https://github.com/realm/realm-swift.git";
			requirement = {
				branch = master;
				kind = branch;
			};
		};
		4AD192D22C0CF04200EF34D0 /* XCRemoteSwiftPackageReference "Kingfisher" */ = {
			isa = XCRemoteSwiftPackageReference;
			repositoryURL = "https://github.com/onevcat/Kingfisher.git";
			requirement = {
				kind = upToNextMajorVersion;
				minimumVersion = 7.11.0;
			};
		};
		4AD192D52C0CF40700EF34D0 /* XCRemoteSwiftPackageReference "lottie-ios" */ = {
			isa = XCRemoteSwiftPackageReference;
			repositoryURL = "https://github.com/airbnb/lottie-ios.git";
			requirement = {
				kind = upToNextMajorVersion;
				minimumVersion = 4.4.3;
			};
		};
		4AD192D82C0CF43000EF34D0 /* XCRemoteSwiftPackageReference "RxAlamofire" */ = {
			isa = XCRemoteSwiftPackageReference;
			repositoryURL = "https://github.com/RxSwiftCommunity/RxAlamofire.git";
			requirement = {
				kind = upToNextMajorVersion;
				minimumVersion = 5.2.0;
			};
		};
		4AD192DB2C0CF53900EF34D0 /* XCRemoteSwiftPackageReference "Reachability.swift" */ = {
			isa = XCRemoteSwiftPackageReference;
			repositoryURL = "https://github.com/ashleymills/Reachability.swift.git";
			requirement = {
				branch = master;
				kind = branch;
			};
		};
		4AD192DE2C0CF55B00EF34D0 /* XCRemoteSwiftPackageReference "Cosmos" */ = {
			isa = XCRemoteSwiftPackageReference;
			repositoryURL = "https://github.com/evgenyneu/Cosmos.git";
			requirement = {
				kind = upToNextMajorVersion;
				minimumVersion = 25.0.1;
			};
		};
/* End XCRemoteSwiftPackageReference section */

/* Begin XCSwiftPackageProductDependency section */
		3958709D2C10E03C00016FA0 /* FirebaseAnalytics */ = {
			isa = XCSwiftPackageProductDependency;
			package = 3958709C2C10E03C00016FA0 /* XCRemoteSwiftPackageReference "firebase-ios-sdk" */;
			productName = FirebaseAnalytics;
		};
		3958709F2C10E03C00016FA0 /* FirebaseAnalyticsSwift */ = {
			isa = XCSwiftPackageProductDependency;
			package = 3958709C2C10E03C00016FA0 /* XCRemoteSwiftPackageReference "firebase-ios-sdk" */;
			productName = FirebaseAnalyticsSwift;
		};
		395870A12C10E03C00016FA0 /* FirebaseAuth */ = {
			isa = XCSwiftPackageProductDependency;
			package = 3958709C2C10E03C00016FA0 /* XCRemoteSwiftPackageReference "firebase-ios-sdk" */;
			productName = FirebaseAuth;
		};
		395870A42C10E08800016FA0 /* GoogleSignIn */ = {
			isa = XCSwiftPackageProductDependency;
			package = 395870A32C10E08800016FA0 /* XCRemoteSwiftPackageReference "GoogleSignIn-iOS" */;
			productName = GoogleSignIn;
		};
		395870A62C10E08800016FA0 /* GoogleSignInSwift */ = {
			isa = XCSwiftPackageProductDependency;
			package = 395870A32C10E08800016FA0 /* XCRemoteSwiftPackageReference "GoogleSignIn-iOS" */;
			productName = GoogleSignInSwift;
		};
		39E1F7AA2C16117600C00575 /* FirebaseFirestore */ = {
			isa = XCSwiftPackageProductDependency;
			package = 3958709C2C10E03C00016FA0 /* XCRemoteSwiftPackageReference "firebase-ios-sdk" */;
			productName = FirebaseFirestore;
		};
		39E1F7AC2C16117600C00575 /* FirebaseFirestoreSwift */ = {
			isa = XCSwiftPackageProductDependency;
			package = 3958709C2C10E03C00016FA0 /* XCRemoteSwiftPackageReference "firebase-ios-sdk" */;
			productName = FirebaseFirestoreSwift;
		};
		4AD192D02C0CEDD300EF34D0 /* RealmSwift */ = {
			isa = XCSwiftPackageProductDependency;
			package = 4AD192CF2C0CEDD300EF34D0 /* XCRemoteSwiftPackageReference "realm-swift" */;
			productName = RealmSwift;
		};
		4AD192D32C0CF04200EF34D0 /* Kingfisher */ = {
			isa = XCSwiftPackageProductDependency;
			package = 4AD192D22C0CF04200EF34D0 /* XCRemoteSwiftPackageReference "Kingfisher" */;
			productName = Kingfisher;
		};
		4AD192D62C0CF40700EF34D0 /* Lottie */ = {
			isa = XCSwiftPackageProductDependency;
			package = 4AD192D52C0CF40700EF34D0 /* XCRemoteSwiftPackageReference "lottie-ios" */;
			productName = Lottie;
		};
		4AD192D92C0CF43000EF34D0 /* RxAlamofire */ = {
			isa = XCSwiftPackageProductDependency;
			package = 4AD192D82C0CF43000EF34D0 /* XCRemoteSwiftPackageReference "RxAlamofire" */;
			productName = RxAlamofire;
		};
		4AD192DC2C0CF53900EF34D0 /* Reachability */ = {
			isa = XCSwiftPackageProductDependency;
			package = 4AD192DB2C0CF53900EF34D0 /* XCRemoteSwiftPackageReference "Reachability.swift" */;
			productName = Reachability;
		};
		4AD192DF2C0CF55B00EF34D0 /* Cosmos */ = {
			isa = XCSwiftPackageProductDependency;
			package = 4AD192DE2C0CF55B00EF34D0 /* XCRemoteSwiftPackageReference "Cosmos" */;
			productName = Cosmos;
		};
/* End XCSwiftPackageProductDependency section */
	};
	rootObject = 4AD192942C0CEAFA00EF34D0 /* Project object */;
}
