// !$*UTF8*$!
{
	archiveVersion = 1;
	classes = {
	};
	objectVersion = 56;
	objects = {

/* Begin PBXBuildFile section */
		4AD192A02C0CEAFA00EF34D0 /* AppDelegate.swift in Sources */ = {isa = PBXBuildFile; fileRef = 4AD1929F2C0CEAFA00EF34D0 /* AppDelegate.swift */; };
		4AD192A22C0CEAFA00EF34D0 /* SceneDelegate.swift in Sources */ = {isa = PBXBuildFile; fileRef = 4AD192A12C0CEAFA00EF34D0 /* SceneDelegate.swift */; };
		4AD192A42C0CEAFA00EF34D0 /* HomeScreenViewController.swift in Sources */ = {isa = PBXBuildFile; fileRef = 4AD192A32C0CEAFA00EF34D0 /* HomeScreenViewController.swift */; };
		4AD192A72C0CEAFA00EF34D0 /* Main.storyboard in Resources */ = {isa = PBXBuildFile; fileRef = 4AD192A52C0CEAFA00EF34D0 /* Main.storyboard */; };
		4AD192A92C0CEAFE00EF34D0 /* Assets.xcassets in Resources */ = {isa = PBXBuildFile; fileRef = 4AD192A82C0CEAFE00EF34D0 /* Assets.xcassets */; };
		4AD192AC2C0CEAFE00EF34D0 /* LaunchScreen.storyboard in Resources */ = {isa = PBXBuildFile; fileRef = 4AD192AA2C0CEAFE00EF34D0 /* LaunchScreen.storyboard */; };
		4AD192B72C0CEB0000EF34D0 /* ShopifyTests.swift in Sources */ = {isa = PBXBuildFile; fileRef = 4AD192B62C0CEB0000EF34D0 /* ShopifyTests.swift */; };
		4AD192C12C0CEB0000EF34D0 /* ShopifyUITests.swift in Sources */ = {isa = PBXBuildFile; fileRef = 4AD192C02C0CEB0000EF34D0 /* ShopifyUITests.swift */; };
		4AD192C32C0CEB0000EF34D0 /* ShopifyUITestsLaunchTests.swift in Sources */ = {isa = PBXBuildFile; fileRef = 4AD192C22C0CEB0000EF34D0 /* ShopifyUITestsLaunchTests.swift */; };
		4AD192D12C0CEDD300EF34D0 /* RealmSwift in Frameworks */ = {isa = PBXBuildFile; productRef = 4AD192D02C0CEDD300EF34D0 /* RealmSwift */; };
		4AD192D42C0CF04200EF34D0 /* Kingfisher in Frameworks */ = {isa = PBXBuildFile; productRef = 4AD192D32C0CF04200EF34D0 /* Kingfisher */; };
		4AD192D72C0CF40700EF34D0 /* Lottie in Frameworks */ = {isa = PBXBuildFile; productRef = 4AD192D62C0CF40700EF34D0 /* Lottie */; };
		4AD192DA2C0CF43000EF34D0 /* RxAlamofire in Frameworks */ = {isa = PBXBuildFile; productRef = 4AD192D92C0CF43000EF34D0 /* RxAlamofire */; };
		4AD192DD2C0CF53900EF34D0 /* Reachability in Frameworks */ = {isa = PBXBuildFile; productRef = 4AD192DC2C0CF53900EF34D0 /* Reachability */; };
		4AD192E02C0CF55B00EF34D0 /* Cosmos in Frameworks */ = {isa = PBXBuildFile; productRef = 4AD192DF2C0CF55B00EF34D0 /* Cosmos */; };
		4AD192EF2C0CF6EA00EF34D0 /* NadaStoryboard.storyboard in Resources */ = {isa = PBXBuildFile; fileRef = 4AD192EE2C0CF6EA00EF34D0 /* NadaStoryboard.storyboard */; };
		4AD192F12C0CF6FD00EF34D0 /* MinaStoryboard.storyboard in Resources */ = {isa = PBXBuildFile; fileRef = 4AD192F02C0CF6FD00EF34D0 /* MinaStoryboard.storyboard */; };
		4AD192F42C0CF73400EF34D0 /* Constant.swift in Sources */ = {isa = PBXBuildFile; fileRef = 4AD192F32C0CF73400EF34D0 /* Constant.swift */; };
		4AD192F72C0CF76B00EF34D0 /* MainCoordinator.swift in Sources */ = {isa = PBXBuildFile; fileRef = 4AD192F62C0CF76B00EF34D0 /* MainCoordinator.swift */; };
/* End PBXBuildFile section */

/* Begin PBXContainerItemProxy section */
		4AD192B32C0CEAFF00EF34D0 /* PBXContainerItemProxy */ = {
			isa = PBXContainerItemProxy;
			containerPortal = 4AD192942C0CEAFA00EF34D0 /* Project object */;
			proxyType = 1;
			remoteGlobalIDString = 4AD1929B2C0CEAFA00EF34D0;
			remoteInfo = Shopify;
		};
		4AD192BD2C0CEB0000EF34D0 /* PBXContainerItemProxy */ = {
			isa = PBXContainerItemProxy;
			containerPortal = 4AD192942C0CEAFA00EF34D0 /* Project object */;
			proxyType = 1;
			remoteGlobalIDString = 4AD1929B2C0CEAFA00EF34D0;
			remoteInfo = Shopify;
		};
/* End PBXContainerItemProxy section */

/* Begin PBXFileReference section */
		4AD1929C2C0CEAFA00EF34D0 /* Shopify.app */ = {isa = PBXFileReference; explicitFileType = wrapper.application; includeInIndex = 0; path = Shopify.app; sourceTree = BUILT_PRODUCTS_DIR; };
		4AD1929F2C0CEAFA00EF34D0 /* AppDelegate.swift */ = {isa = PBXFileReference; lastKnownFileType = sourcecode.swift; path = AppDelegate.swift; sourceTree = "<group>"; };
		4AD192A12C0CEAFA00EF34D0 /* SceneDelegate.swift */ = {isa = PBXFileReference; lastKnownFileType = sourcecode.swift; path = SceneDelegate.swift; sourceTree = "<group>"; };
		4AD192A32C0CEAFA00EF34D0 /* HomeScreenViewController.swift */ = {isa = PBXFileReference; lastKnownFileType = sourcecode.swift; path = HomeScreenViewController.swift; sourceTree = "<group>"; };
		4AD192A62C0CEAFA00EF34D0 /* Base */ = {isa = PBXFileReference; lastKnownFileType = file.storyboard; name = Base; path = Base.lproj/Main.storyboard; sourceTree = "<group>"; };
		4AD192A82C0CEAFE00EF34D0 /* Assets.xcassets */ = {isa = PBXFileReference; lastKnownFileType = folder.assetcatalog; path = Assets.xcassets; sourceTree = "<group>"; };
		4AD192AB2C0CEAFE00EF34D0 /* Base */ = {isa = PBXFileReference; lastKnownFileType = file.storyboard; name = Base; path = Base.lproj/LaunchScreen.storyboard; sourceTree = "<group>"; };
		4AD192AD2C0CEAFE00EF34D0 /* Info.plist */ = {isa = PBXFileReference; lastKnownFileType = text.plist.xml; path = Info.plist; sourceTree = "<group>"; };
		4AD192B22C0CEAFF00EF34D0 /* ShopifyTests.xctest */ = {isa = PBXFileReference; explicitFileType = wrapper.cfbundle; includeInIndex = 0; path = ShopifyTests.xctest; sourceTree = BUILT_PRODUCTS_DIR; };
		4AD192B62C0CEB0000EF34D0 /* ShopifyTests.swift */ = {isa = PBXFileReference; lastKnownFileType = sourcecode.swift; path = ShopifyTests.swift; sourceTree = "<group>"; };
		4AD192BC2C0CEB0000EF34D0 /* ShopifyUITests.xctest */ = {isa = PBXFileReference; explicitFileType = wrapper.cfbundle; includeInIndex = 0; path = ShopifyUITests.xctest; sourceTree = BUILT_PRODUCTS_DIR; };
		4AD192C02C0CEB0000EF34D0 /* ShopifyUITests.swift */ = {isa = PBXFileReference; lastKnownFileType = sourcecode.swift; path = ShopifyUITests.swift; sourceTree = "<group>"; };
		4AD192C22C0CEB0000EF34D0 /* ShopifyUITestsLaunchTests.swift */ = {isa = PBXFileReference; lastKnownFileType = sourcecode.swift; path = ShopifyUITestsLaunchTests.swift; sourceTree = "<group>"; };
		4AD192EE2C0CF6EA00EF34D0 /* NadaStoryboard.storyboard */ = {isa = PBXFileReference; lastKnownFileType = file.storyboard; path = NadaStoryboard.storyboard; sourceTree = "<group>"; };
		4AD192F02C0CF6FD00EF34D0 /* MinaStoryboard.storyboard */ = {isa = PBXFileReference; lastKnownFileType = file.storyboard; path = MinaStoryboard.storyboard; sourceTree = "<group>"; };
		4AD192F32C0CF73400EF34D0 /* Constant.swift */ = {isa = PBXFileReference; lastKnownFileType = sourcecode.swift; path = Constant.swift; sourceTree = "<group>"; };
		4AD192F62C0CF76B00EF34D0 /* MainCoordinator.swift */ = {isa = PBXFileReference; lastKnownFileType = sourcecode.swift; path = MainCoordinator.swift; sourceTree = "<group>"; };
/* End PBXFileReference section */

/* Begin PBXFrameworksBuildPhase section */
		4AD192992C0CEAFA00EF34D0 /* Frameworks */ = {
			isa = PBXFrameworksBuildPhase;
			buildActionMask = 2147483647;
			files = (
				4AD192E02C0CF55B00EF34D0 /* Cosmos in Frameworks */,
				4AD192D42C0CF04200EF34D0 /* Kingfisher in Frameworks */,
				4AD192DA2C0CF43000EF34D0 /* RxAlamofire in Frameworks */,
				4AD192DD2C0CF53900EF34D0 /* Reachability in Frameworks */,
				4AD192D12C0CEDD300EF34D0 /* RealmSwift in Frameworks */,
				4AD192D72C0CF40700EF34D0 /* Lottie in Frameworks */,
			);
			runOnlyForDeploymentPostprocessing = 0;
		};
		4AD192AF2C0CEAFF00EF34D0 /* Frameworks */ = {
			isa = PBXFrameworksBuildPhase;
			buildActionMask = 2147483647;
			files = (
			);
			runOnlyForDeploymentPostprocessing = 0;
		};
		4AD192B92C0CEB0000EF34D0 /* Frameworks */ = {
			isa = PBXFrameworksBuildPhase;
			buildActionMask = 2147483647;
			files = (
			);
			runOnlyForDeploymentPostprocessing = 0;
		};
/* End PBXFrameworksBuildPhase section */

/* Begin PBXGroup section */
		4AD192932C0CEAFA00EF34D0 = {
			isa = PBXGroup;
			children = (
				4AD1929E2C0CEAFA00EF34D0 /* Shopify */,
				4AD192B52C0CEB0000EF34D0 /* ShopifyTests */,
				4AD192BF2C0CEB0000EF34D0 /* ShopifyUITests */,
				4AD1929D2C0CEAFA00EF34D0 /* Products */,
			);
			sourceTree = "<group>";
		};
		4AD1929D2C0CEAFA00EF34D0 /* Products */ = {
			isa = PBXGroup;
			children = (
				4AD1929C2C0CEAFA00EF34D0 /* Shopify.app */,
				4AD192B22C0CEAFF00EF34D0 /* ShopifyTests.xctest */,
				4AD192BC2C0CEB0000EF34D0 /* ShopifyUITests.xctest */,
			);
			name = Products;
			sourceTree = "<group>";
		};
		4AD1929E2C0CEAFA00EF34D0 /* Shopify */ = {
			isa = PBXGroup;
			children = (
				4AD192E22C0CF5B300EF34D0 /* Modules */,
				4AD192E52C0CF62E00EF34D0 /* Models */,
				4AD192EA2C0CF66800EF34D0 /* View */,
				4AD192F22C0CF71100EF34D0 /* Utils */,
				4AD192F52C0CF74D00EF34D0 /* Coordinator */,
				4AD1929F2C0CEAFA00EF34D0 /* AppDelegate.swift */,
				4AD192A12C0CEAFA00EF34D0 /* SceneDelegate.swift */,
				4AD192A82C0CEAFE00EF34D0 /* Assets.xcassets */,
				4AD192AD2C0CEAFE00EF34D0 /* Info.plist */,
			);
			path = Shopify;
			sourceTree = "<group>";
		};
		4AD192B52C0CEB0000EF34D0 /* ShopifyTests */ = {
			isa = PBXGroup;
			children = (
				4AD192B62C0CEB0000EF34D0 /* ShopifyTests.swift */,
			);
			path = ShopifyTests;
			sourceTree = "<group>";
		};
		4AD192BF2C0CEB0000EF34D0 /* ShopifyUITests */ = {
			isa = PBXGroup;
			children = (
				4AD192C02C0CEB0000EF34D0 /* ShopifyUITests.swift */,
				4AD192C22C0CEB0000EF34D0 /* ShopifyUITestsLaunchTests.swift */,
			);
			path = ShopifyUITests;
			sourceTree = "<group>";
		};
		4AD192E22C0CF5B300EF34D0 /* Modules */ = {
			isa = PBXGroup;
			children = (
				4AD192E32C0CF5BD00EF34D0 /* HomeScreen */,
			);
			path = Modules;
			sourceTree = "<group>";
		};
		4AD192E32C0CF5BD00EF34D0 /* HomeScreen */ = {
			isa = PBXGroup;
			children = (
				4AD192E42C0CF5EE00EF34D0 /* View */,
			);
			path = HomeScreen;
			sourceTree = "<group>";
		};
		4AD192E42C0CF5EE00EF34D0 /* View */ = {
			isa = PBXGroup;
			children = (
				4AD192A32C0CEAFA00EF34D0 /* HomeScreenViewController.swift */,
			);
			path = View;
			sourceTree = "<group>";
		};
		4AD192E52C0CF62E00EF34D0 /* Models */ = {
			isa = PBXGroup;
			children = (
				4AD192E62C0CF63500EF34D0 /* Services */,
				4AD192E92C0CF64C00EF34D0 /* Model */,
			);
			path = Models;
			sourceTree = "<group>";
		};
		4AD192E62C0CF63500EF34D0 /* Services */ = {
			isa = PBXGroup;
			children = (
				4AD192E82C0CF64200EF34D0 /* Network */,
				4AD192E72C0CF63C00EF34D0 /* DB */,
			);
			path = Services;
			sourceTree = "<group>";
		};
		4AD192E72C0CF63C00EF34D0 /* DB */ = {
			isa = PBXGroup;
			children = (
			);
			path = DB;
			sourceTree = "<group>";
		};
		4AD192E82C0CF64200EF34D0 /* Network */ = {
			isa = PBXGroup;
			children = (
			);
			path = Network;
			sourceTree = "<group>";
		};
		4AD192E92C0CF64C00EF34D0 /* Model */ = {
			isa = PBXGroup;
			children = (
			);
			path = Model;
			sourceTree = "<group>";
		};
		4AD192EA2C0CF66800EF34D0 /* View */ = {
			isa = PBXGroup;
			children = (
				4AD192EB2C0CF67B00EF34D0 /* AserStoryboard */,
				4AD192ED2C0CF69200EF34D0 /* NadaStoryboard */,
				4AD192EC2C0CF68600EF34D0 /* MinaStoryboard */,
			);
			path = View;
			sourceTree = "<group>";
		};
		4AD192EB2C0CF67B00EF34D0 /* AserStoryboard */ = {
			isa = PBXGroup;
			children = (
				4AD192A52C0CEAFA00EF34D0 /* Main.storyboard */,
				4AD192AA2C0CEAFE00EF34D0 /* LaunchScreen.storyboard */,
			);
			path = AserStoryboard;
			sourceTree = "<group>";
		};
		4AD192EC2C0CF68600EF34D0 /* MinaStoryboard */ = {
			isa = PBXGroup;
			children = (
				4AD192F02C0CF6FD00EF34D0 /* MinaStoryboard.storyboard */,
			);
			path = MinaStoryboard;
			sourceTree = "<group>";
		};
		4AD192ED2C0CF69200EF34D0 /* NadaStoryboard */ = {
			isa = PBXGroup;
			children = (
				4AD192EE2C0CF6EA00EF34D0 /* NadaStoryboard.storyboard */,
			);
			path = NadaStoryboard;
			sourceTree = "<group>";
		};
		4AD192F22C0CF71100EF34D0 /* Utils */ = {
			isa = PBXGroup;
			children = (
				4AD192F32C0CF73400EF34D0 /* Constant.swift */,
			);
			path = Utils;
			sourceTree = "<group>";
		};
		4AD192F52C0CF74D00EF34D0 /* Coordinator */ = {
			isa = PBXGroup;
			children = (
				4AD192F62C0CF76B00EF34D0 /* MainCoordinator.swift */,
			);
			path = Coordinator;
			sourceTree = "<group>";
		};
/* End PBXGroup section */

/* Begin PBXNativeTarget section */
		4AD1929B2C0CEAFA00EF34D0 /* Shopify */ = {
			isa = PBXNativeTarget;
			buildConfigurationList = 4AD192C62C0CEB0000EF34D0 /* Build configuration list for PBXNativeTarget "Shopify" */;
			buildPhases = (
				4AD192982C0CEAFA00EF34D0 /* Sources */,
				4AD192992C0CEAFA00EF34D0 /* Frameworks */,
				4AD1929A2C0CEAFA00EF34D0 /* Resources */,
			);
			buildRules = (
			);
			dependencies = (
			);
			name = Shopify;
			packageProductDependencies = (
				4AD192D02C0CEDD300EF34D0 /* RealmSwift */,
				4AD192D32C0CF04200EF34D0 /* Kingfisher */,
				4AD192D62C0CF40700EF34D0 /* Lottie */,
				4AD192D92C0CF43000EF34D0 /* RxAlamofire */,
				4AD192DC2C0CF53900EF34D0 /* Reachability */,
				4AD192DF2C0CF55B00EF34D0 /* Cosmos */,
			);
			productName = Shopify;
			productReference = 4AD1929C2C0CEAFA00EF34D0 /* Shopify.app */;
			productType = "com.apple.product-type.application";
		};
		4AD192B12C0CEAFF00EF34D0 /* ShopifyTests */ = {
			isa = PBXNativeTarget;
			buildConfigurationList = 4AD192C92C0CEB0000EF34D0 /* Build configuration list for PBXNativeTarget "ShopifyTests" */;
			buildPhases = (
				4AD192AE2C0CEAFF00EF34D0 /* Sources */,
				4AD192AF2C0CEAFF00EF34D0 /* Frameworks */,
				4AD192B02C0CEAFF00EF34D0 /* Resources */,
			);
			buildRules = (
			);
			dependencies = (
				4AD192B42C0CEAFF00EF34D0 /* PBXTargetDependency */,
			);
			name = ShopifyTests;
			productName = ShopifyTests;
			productReference = 4AD192B22C0CEAFF00EF34D0 /* ShopifyTests.xctest */;
			productType = "com.apple.product-type.bundle.unit-test";
		};
		4AD192BB2C0CEB0000EF34D0 /* ShopifyUITests */ = {
			isa = PBXNativeTarget;
			buildConfigurationList = 4AD192CC2C0CEB0000EF34D0 /* Build configuration list for PBXNativeTarget "ShopifyUITests" */;
			buildPhases = (
				4AD192B82C0CEB0000EF34D0 /* Sources */,
				4AD192B92C0CEB0000EF34D0 /* Frameworks */,
				4AD192BA2C0CEB0000EF34D0 /* Resources */,
			);
			buildRules = (
			);
			dependencies = (
				4AD192BE2C0CEB0000EF34D0 /* PBXTargetDependency */,
			);
			name = ShopifyUITests;
			productName = ShopifyUITests;
			productReference = 4AD192BC2C0CEB0000EF34D0 /* ShopifyUITests.xctest */;
			productType = "com.apple.product-type.bundle.ui-testing";
		};
/* End PBXNativeTarget section */

/* Begin PBXProject section */
		4AD192942C0CEAFA00EF34D0 /* Project object */ = {
			isa = PBXProject;
			attributes = {
				BuildIndependentTargetsInParallel = 1;
				LastSwiftUpdateCheck = 1520;
				LastUpgradeCheck = 1520;
				TargetAttributes = {
					4AD1929B2C0CEAFA00EF34D0 = {
						CreatedOnToolsVersion = 15.2;
					};
					4AD192B12C0CEAFF00EF34D0 = {
						CreatedOnToolsVersion = 15.2;
						TestTargetID = 4AD1929B2C0CEAFA00EF34D0;
					};
					4AD192BB2C0CEB0000EF34D0 = {
						CreatedOnToolsVersion = 15.2;
						TestTargetID = 4AD1929B2C0CEAFA00EF34D0;
					};
				};
			};
			buildConfigurationList = 4AD192972C0CEAFA00EF34D0 /* Build configuration list for PBXProject "Shopify" */;
			compatibilityVersion = "Xcode 14.0";
			developmentRegion = en;
			hasScannedForEncodings = 0;
			knownRegions = (
				en,
				Base,
			);
			mainGroup = 4AD192932C0CEAFA00EF34D0;
			packageReferences = (
				4AD192CF2C0CEDD300EF34D0 /* XCRemoteSwiftPackageReference "realm-swift" */,
				4AD192D22C0CF04200EF34D0 /* XCRemoteSwiftPackageReference "Kingfisher" */,
				4AD192D52C0CF40700EF34D0 /* XCRemoteSwiftPackageReference "lottie-ios" */,
				4AD192D82C0CF43000EF34D0 /* XCRemoteSwiftPackageReference "RxAlamofire" */,
				4AD192DB2C0CF53900EF34D0 /* XCRemoteSwiftPackageReference "Reachability.swift" */,
				4AD192DE2C0CF55B00EF34D0 /* XCRemoteSwiftPackageReference "Cosmos" */,
			);
			productRefGroup = 4AD1929D2C0CEAFA00EF34D0 /* Products */;
			projectDirPath = "";
			projectRoot = "";
			targets = (
				4AD1929B2C0CEAFA00EF34D0 /* Shopify */,
				4AD192B12C0CEAFF00EF34D0 /* ShopifyTests */,
				4AD192BB2C0CEB0000EF34D0 /* ShopifyUITests */,
			);
		};
/* End PBXProject section */

/* Begin PBXResourcesBuildPhase section */
		4AD1929A2C0CEAFA00EF34D0 /* Resources */ = {
			isa = PBXResourcesBuildPhase;
			buildActionMask = 2147483647;
			files = (
				4AD192AC2C0CEAFE00EF34D0 /* LaunchScreen.storyboard in Resources */,
				4AD192EF2C0CF6EA00EF34D0 /* NadaStoryboard.storyboard in Resources */,
				4AD192F12C0CF6FD00EF34D0 /* MinaStoryboard.storyboard in Resources */,
				4AD192A92C0CEAFE00EF34D0 /* Assets.xcassets in Resources */,
				4AD192A72C0CEAFA00EF34D0 /* Main.storyboard in Resources */,
			);
			runOnlyForDeploymentPostprocessing = 0;
		};
		4AD192B02C0CEAFF00EF34D0 /* Resources */ = {
			isa = PBXResourcesBuildPhase;
			buildActionMask = 2147483647;
			files = (
			);
			runOnlyForDeploymentPostprocessing = 0;
		};
		4AD192BA2C0CEB0000EF34D0 /* Resources */ = {
			isa = PBXResourcesBuildPhase;
			buildActionMask = 2147483647;
			files = (
			);
			runOnlyForDeploymentPostprocessing = 0;
		};
/* End PBXResourcesBuildPhase section */

/* Begin PBXSourcesBuildPhase section */
		4AD192982C0CEAFA00EF34D0 /* Sources */ = {
			isa = PBXSourcesBuildPhase;
			buildActionMask = 2147483647;
			files = (
				4AD192A42C0CEAFA00EF34D0 /* HomeScreenViewController.swift in Sources */,
				4AD192A02C0CEAFA00EF34D0 /* AppDelegate.swift in Sources */,
				4AD192A22C0CEAFA00EF34D0 /* SceneDelegate.swift in Sources */,
				4AD192F72C0CF76B00EF34D0 /* MainCoordinator.swift in Sources */,
				4AD192F42C0CF73400EF34D0 /* Constant.swift in Sources */,
			);
			runOnlyForDeploymentPostprocessing = 0;
		};
		4AD192AE2C0CEAFF00EF34D0 /* Sources */ = {
			isa = PBXSourcesBuildPhase;
			buildActionMask = 2147483647;
			files = (
				4AD192B72C0CEB0000EF34D0 /* ShopifyTests.swift in Sources */,
			);
			runOnlyForDeploymentPostprocessing = 0;
		};
		4AD192B82C0CEB0000EF34D0 /* Sources */ = {
			isa = PBXSourcesBuildPhase;
			buildActionMask = 2147483647;
			files = (
				4AD192C12C0CEB0000EF34D0 /* ShopifyUITests.swift in Sources */,
				4AD192C32C0CEB0000EF34D0 /* ShopifyUITestsLaunchTests.swift in Sources */,
			);
			runOnlyForDeploymentPostprocessing = 0;
		};
/* End PBXSourcesBuildPhase section */

/* Begin PBXTargetDependency section */
		4AD192B42C0CEAFF00EF34D0 /* PBXTargetDependency */ = {
			isa = PBXTargetDependency;
			target = 4AD1929B2C0CEAFA00EF34D0 /* Shopify */;
			targetProxy = 4AD192B32C0CEAFF00EF34D0 /* PBXContainerItemProxy */;
		};
		4AD192BE2C0CEB0000EF34D0 /* PBXTargetDependency */ = {
			isa = PBXTargetDependency;
			target = 4AD1929B2C0CEAFA00EF34D0 /* Shopify */;
			targetProxy = 4AD192BD2C0CEB0000EF34D0 /* PBXContainerItemProxy */;
		};
/* End PBXTargetDependency section */

/* Begin PBXVariantGroup section */
		4AD192A52C0CEAFA00EF34D0 /* Main.storyboard */ = {
			isa = PBXVariantGroup;
			children = (
				4AD192A62C0CEAFA00EF34D0 /* Base */,
			);
			name = Main.storyboard;
			sourceTree = "<group>";
		};
		4AD192AA2C0CEAFE00EF34D0 /* LaunchScreen.storyboard */ = {
			isa = PBXVariantGroup;
			children = (
				4AD192AB2C0CEAFE00EF34D0 /* Base */,
			);
			name = LaunchScreen.storyboard;
			sourceTree = "<group>";
		};
/* End PBXVariantGroup section */

/* Begin XCBuildConfiguration section */
		4AD192C42C0CEB0000EF34D0 /* Debug */ = {
			isa = XCBuildConfiguration;
			buildSettings = {
				ALWAYS_SEARCH_USER_PATHS = NO;
				ASSETCATALOG_COMPILER_GENERATE_SWIFT_ASSET_SYMBOL_EXTENSIONS = YES;
				CLANG_ANALYZER_NONNULL = YES;
				CLANG_ANALYZER_NUMBER_OBJECT_CONVERSION = YES_AGGRESSIVE;
				CLANG_CXX_LANGUAGE_STANDARD = "gnu++20";
				CLANG_ENABLE_MODULES = YES;
				CLANG_ENABLE_OBJC_ARC = YES;
				CLANG_ENABLE_OBJC_WEAK = YES;
				CLANG_WARN_BLOCK_CAPTURE_AUTORELEASING = YES;
				CLANG_WARN_BOOL_CONVERSION = YES;
				CLANG_WARN_COMMA = YES;
				CLANG_WARN_CONSTANT_CONVERSION = YES;
				CLANG_WARN_DEPRECATED_OBJC_IMPLEMENTATIONS = YES;
				CLANG_WARN_DIRECT_OBJC_ISA_USAGE = YES_ERROR;
				CLANG_WARN_DOCUMENTATION_COMMENTS = YES;
				CLANG_WARN_EMPTY_BODY = YES;
				CLANG_WARN_ENUM_CONVERSION = YES;
				CLANG_WARN_INFINITE_RECURSION = YES;
				CLANG_WARN_INT_CONVERSION = YES;
				CLANG_WARN_NON_LITERAL_NULL_CONVERSION = YES;
				CLANG_WARN_OBJC_IMPLICIT_RETAIN_SELF = YES;
				CLANG_WARN_OBJC_LITERAL_CONVERSION = YES;
				CLANG_WARN_OBJC_ROOT_CLASS = YES_ERROR;
				CLANG_WARN_QUOTED_INCLUDE_IN_FRAMEWORK_HEADER = YES;
				CLANG_WARN_RANGE_LOOP_ANALYSIS = YES;
				CLANG_WARN_STRICT_PROTOTYPES = YES;
				CLANG_WARN_SUSPICIOUS_MOVE = YES;
				CLANG_WARN_UNGUARDED_AVAILABILITY = YES_AGGRESSIVE;
				CLANG_WARN_UNREACHABLE_CODE = YES;
				CLANG_WARN__DUPLICATE_METHOD_MATCH = YES;
				COPY_PHASE_STRIP = NO;
				DEBUG_INFORMATION_FORMAT = dwarf;
				ENABLE_STRICT_OBJC_MSGSEND = YES;
				ENABLE_TESTABILITY = YES;
				ENABLE_USER_SCRIPT_SANDBOXING = YES;
				GCC_C_LANGUAGE_STANDARD = gnu17;
				GCC_DYNAMIC_NO_PIC = NO;
				GCC_NO_COMMON_BLOCKS = YES;
				GCC_OPTIMIZATION_LEVEL = 0;
				GCC_PREPROCESSOR_DEFINITIONS = (
					"DEBUG=1",
					"$(inherited)",
				);
				GCC_WARN_64_TO_32_BIT_CONVERSION = YES;
				GCC_WARN_ABOUT_RETURN_TYPE = YES_ERROR;
				GCC_WARN_UNDECLARED_SELECTOR = YES;
				GCC_WARN_UNINITIALIZED_AUTOS = YES_AGGRESSIVE;
				GCC_WARN_UNUSED_FUNCTION = YES;
				GCC_WARN_UNUSED_VARIABLE = YES;
				IPHONEOS_DEPLOYMENT_TARGET = 17.2;
				LOCALIZATION_PREFERS_STRING_CATALOGS = YES;
				MTL_ENABLE_DEBUG_INFO = INCLUDE_SOURCE;
				MTL_FAST_MATH = YES;
				ONLY_ACTIVE_ARCH = YES;
				SDKROOT = iphoneos;
				SWIFT_ACTIVE_COMPILATION_CONDITIONS = "DEBUG $(inherited)";
				SWIFT_OPTIMIZATION_LEVEL = "-Onone";
			};
			name = Debug;
		};
		4AD192C52C0CEB0000EF34D0 /* Release */ = {
			isa = XCBuildConfiguration;
			buildSettings = {
				ALWAYS_SEARCH_USER_PATHS = NO;
				ASSETCATALOG_COMPILER_GENERATE_SWIFT_ASSET_SYMBOL_EXTENSIONS = YES;
				CLANG_ANALYZER_NONNULL = YES;
				CLANG_ANALYZER_NUMBER_OBJECT_CONVERSION = YES_AGGRESSIVE;
				CLANG_CXX_LANGUAGE_STANDARD = "gnu++20";
				CLANG_ENABLE_MODULES = YES;
				CLANG_ENABLE_OBJC_ARC = YES;
				CLANG_ENABLE_OBJC_WEAK = YES;
				CLANG_WARN_BLOCK_CAPTURE_AUTORELEASING = YES;
				CLANG_WARN_BOOL_CONVERSION = YES;
				CLANG_WARN_COMMA = YES;
				CLANG_WARN_CONSTANT_CONVERSION = YES;
				CLANG_WARN_DEPRECATED_OBJC_IMPLEMENTATIONS = YES;
				CLANG_WARN_DIRECT_OBJC_ISA_USAGE = YES_ERROR;
				CLANG_WARN_DOCUMENTATION_COMMENTS = YES;
				CLANG_WARN_EMPTY_BODY = YES;
				CLANG_WARN_ENUM_CONVERSION = YES;
				CLANG_WARN_INFINITE_RECURSION = YES;
				CLANG_WARN_INT_CONVERSION = YES;
				CLANG_WARN_NON_LITERAL_NULL_CONVERSION = YES;
				CLANG_WARN_OBJC_IMPLICIT_RETAIN_SELF = YES;
				CLANG_WARN_OBJC_LITERAL_CONVERSION = YES;
				CLANG_WARN_OBJC_ROOT_CLASS = YES_ERROR;
				CLANG_WARN_QUOTED_INCLUDE_IN_FRAMEWORK_HEADER = YES;
				CLANG_WARN_RANGE_LOOP_ANALYSIS = YES;
				CLANG_WARN_STRICT_PROTOTYPES = YES;
				CLANG_WARN_SUSPICIOUS_MOVE = YES;
				CLANG_WARN_UNGUARDED_AVAILABILITY = YES_AGGRESSIVE;
				CLANG_WARN_UNREACHABLE_CODE = YES;
				CLANG_WARN__DUPLICATE_METHOD_MATCH = YES;
				COPY_PHASE_STRIP = NO;
				DEBUG_INFORMATION_FORMAT = "dwarf-with-dsym";
				ENABLE_NS_ASSERTIONS = NO;
				ENABLE_STRICT_OBJC_MSGSEND = YES;
				ENABLE_USER_SCRIPT_SANDBOXING = YES;
				GCC_C_LANGUAGE_STANDARD = gnu17;
				GCC_NO_COMMON_BLOCKS = YES;
				GCC_WARN_64_TO_32_BIT_CONVERSION = YES;
				GCC_WARN_ABOUT_RETURN_TYPE = YES_ERROR;
				GCC_WARN_UNDECLARED_SELECTOR = YES;
				GCC_WARN_UNINITIALIZED_AUTOS = YES_AGGRESSIVE;
				GCC_WARN_UNUSED_FUNCTION = YES;
				GCC_WARN_UNUSED_VARIABLE = YES;
				IPHONEOS_DEPLOYMENT_TARGET = 17.2;
				LOCALIZATION_PREFERS_STRING_CATALOGS = YES;
				MTL_ENABLE_DEBUG_INFO = NO;
				MTL_FAST_MATH = YES;
				SDKROOT = iphoneos;
				SWIFT_COMPILATION_MODE = wholemodule;
				VALIDATE_PRODUCT = YES;
			};
			name = Release;
		};
		4AD192C72C0CEB0000EF34D0 /* Debug */ = {
			isa = XCBuildConfiguration;
			buildSettings = {
				ASSETCATALOG_COMPILER_APPICON_NAME = AppIcon;
				ASSETCATALOG_COMPILER_GLOBAL_ACCENT_COLOR_NAME = AccentColor;
				CODE_SIGN_STYLE = Automatic;
				CURRENT_PROJECT_VERSION = 1;
				DEVELOPMENT_TEAM = S279569A3K;
				GENERATE_INFOPLIST_FILE = YES;
				INFOPLIST_FILE = Shopify/Info.plist;
				INFOPLIST_KEY_UIApplicationSupportsIndirectInputEvents = YES;
				INFOPLIST_KEY_UILaunchStoryboardName = LaunchScreen;
				INFOPLIST_KEY_UIMainStoryboardFile = Main;
				INFOPLIST_KEY_UISupportedInterfaceOrientations_iPad = "UIInterfaceOrientationPortrait UIInterfaceOrientationPortraitUpsideDown UIInterfaceOrientationLandscapeLeft UIInterfaceOrientationLandscapeRight";
				INFOPLIST_KEY_UISupportedInterfaceOrientations_iPhone = "UIInterfaceOrientationPortrait UIInterfaceOrientationLandscapeLeft UIInterfaceOrientationLandscapeRight";
				LD_RUNPATH_SEARCH_PATHS = (
					"$(inherited)",
					"@executable_path/Frameworks",
				);
				MARKETING_VERSION = 1.0;
				PRODUCT_BUNDLE_IDENTIFIER = asereid.Shopify;
				PRODUCT_NAME = "$(TARGET_NAME)";
				SWIFT_EMIT_LOC_STRINGS = YES;
				SWIFT_VERSION = 5.0;
				TARGETED_DEVICE_FAMILY = "1,2";
			};
			name = Debug;
		};
		4AD192C82C0CEB0000EF34D0 /* Release */ = {
			isa = XCBuildConfiguration;
			buildSettings = {
				ASSETCATALOG_COMPILER_APPICON_NAME = AppIcon;
				ASSETCATALOG_COMPILER_GLOBAL_ACCENT_COLOR_NAME = AccentColor;
				CODE_SIGN_STYLE = Automatic;
				CURRENT_PROJECT_VERSION = 1;
				DEVELOPMENT_TEAM = S279569A3K;
				GENERATE_INFOPLIST_FILE = YES;
				INFOPLIST_FILE = Shopify/Info.plist;
				INFOPLIST_KEY_UIApplicationSupportsIndirectInputEvents = YES;
				INFOPLIST_KEY_UILaunchStoryboardName = LaunchScreen;
				INFOPLIST_KEY_UIMainStoryboardFile = Main;
				INFOPLIST_KEY_UISupportedInterfaceOrientations_iPad = "UIInterfaceOrientationPortrait UIInterfaceOrientationPortraitUpsideDown UIInterfaceOrientationLandscapeLeft UIInterfaceOrientationLandscapeRight";
				INFOPLIST_KEY_UISupportedInterfaceOrientations_iPhone = "UIInterfaceOrientationPortrait UIInterfaceOrientationLandscapeLeft UIInterfaceOrientationLandscapeRight";
				LD_RUNPATH_SEARCH_PATHS = (
					"$(inherited)",
					"@executable_path/Frameworks",
				);
				MARKETING_VERSION = 1.0;
				PRODUCT_BUNDLE_IDENTIFIER = asereid.Shopify;
				PRODUCT_NAME = "$(TARGET_NAME)";
				SWIFT_EMIT_LOC_STRINGS = YES;
				SWIFT_VERSION = 5.0;
				TARGETED_DEVICE_FAMILY = "1,2";
			};
			name = Release;
		};
		4AD192CA2C0CEB0000EF34D0 /* Debug */ = {
			isa = XCBuildConfiguration;
			buildSettings = {
				ALWAYS_EMBED_SWIFT_STANDARD_LIBRARIES = YES;
				BUNDLE_LOADER = "$(TEST_HOST)";
				CODE_SIGN_STYLE = Automatic;
				CURRENT_PROJECT_VERSION = 1;
				DEVELOPMENT_TEAM = S279569A3K;
				GENERATE_INFOPLIST_FILE = YES;
				IPHONEOS_DEPLOYMENT_TARGET = 17.2;
				MARKETING_VERSION = 1.0;
				PRODUCT_BUNDLE_IDENTIFIER = asereid.ShopifyTests;
				PRODUCT_NAME = "$(TARGET_NAME)";
				SWIFT_EMIT_LOC_STRINGS = NO;
				SWIFT_VERSION = 5.0;
				TARGETED_DEVICE_FAMILY = "1,2";
				TEST_HOST = "$(BUILT_PRODUCTS_DIR)/Shopify.app/$(BUNDLE_EXECUTABLE_FOLDER_PATH)/Shopify";
			};
			name = Debug;
		};
		4AD192CB2C0CEB0000EF34D0 /* Release */ = {
			isa = XCBuildConfiguration;
			buildSettings = {
				ALWAYS_EMBED_SWIFT_STANDARD_LIBRARIES = YES;
				BUNDLE_LOADER = "$(TEST_HOST)";
				CODE_SIGN_STYLE = Automatic;
				CURRENT_PROJECT_VERSION = 1;
				DEVELOPMENT_TEAM = S279569A3K;
				GENERATE_INFOPLIST_FILE = YES;
				IPHONEOS_DEPLOYMENT_TARGET = 17.2;
				MARKETING_VERSION = 1.0;
				PRODUCT_BUNDLE_IDENTIFIER = asereid.ShopifyTests;
				PRODUCT_NAME = "$(TARGET_NAME)";
				SWIFT_EMIT_LOC_STRINGS = NO;
				SWIFT_VERSION = 5.0;
				TARGETED_DEVICE_FAMILY = "1,2";
				TEST_HOST = "$(BUILT_PRODUCTS_DIR)/Shopify.app/$(BUNDLE_EXECUTABLE_FOLDER_PATH)/Shopify";
			};
			name = Release;
		};
		4AD192CD2C0CEB0000EF34D0 /* Debug */ = {
			isa = XCBuildConfiguration;
			buildSettings = {
				ALWAYS_EMBED_SWIFT_STANDARD_LIBRARIES = YES;
				CODE_SIGN_STYLE = Automatic;
				CURRENT_PROJECT_VERSION = 1;
				DEVELOPMENT_TEAM = S279569A3K;
				GENERATE_INFOPLIST_FILE = YES;
				MARKETING_VERSION = 1.0;
				PRODUCT_BUNDLE_IDENTIFIER = asereid.ShopifyUITests;
				PRODUCT_NAME = "$(TARGET_NAME)";
				SWIFT_EMIT_LOC_STRINGS = NO;
				SWIFT_VERSION = 5.0;
				TARGETED_DEVICE_FAMILY = "1,2";
				TEST_TARGET_NAME = Shopify;
			};
			name = Debug;
		};
		4AD192CE2C0CEB0000EF34D0 /* Release */ = {
			isa = XCBuildConfiguration;
			buildSettings = {
				ALWAYS_EMBED_SWIFT_STANDARD_LIBRARIES = YES;
				CODE_SIGN_STYLE = Automatic;
				CURRENT_PROJECT_VERSION = 1;
				DEVELOPMENT_TEAM = S279569A3K;
				GENERATE_INFOPLIST_FILE = YES;
				MARKETING_VERSION = 1.0;
				PRODUCT_BUNDLE_IDENTIFIER = asereid.ShopifyUITests;
				PRODUCT_NAME = "$(TARGET_NAME)";
				SWIFT_EMIT_LOC_STRINGS = NO;
				SWIFT_VERSION = 5.0;
				TARGETED_DEVICE_FAMILY = "1,2";
				TEST_TARGET_NAME = Shopify;
			};
			name = Release;
		};
/* End XCBuildConfiguration section */

/* Begin XCConfigurationList section */
		4AD192972C0CEAFA00EF34D0 /* Build configuration list for PBXProject "Shopify" */ = {
			isa = XCConfigurationList;
			buildConfigurations = (
				4AD192C42C0CEB0000EF34D0 /* Debug */,
				4AD192C52C0CEB0000EF34D0 /* Release */,
			);
			defaultConfigurationIsVisible = 0;
			defaultConfigurationName = Release;
		};
		4AD192C62C0CEB0000EF34D0 /* Build configuration list for PBXNativeTarget "Shopify" */ = {
			isa = XCConfigurationList;
			buildConfigurations = (
				4AD192C72C0CEB0000EF34D0 /* Debug */,
				4AD192C82C0CEB0000EF34D0 /* Release */,
			);
			defaultConfigurationIsVisible = 0;
			defaultConfigurationName = Release;
		};
		4AD192C92C0CEB0000EF34D0 /* Build configuration list for PBXNativeTarget "ShopifyTests" */ = {
			isa = XCConfigurationList;
			buildConfigurations = (
				4AD192CA2C0CEB0000EF34D0 /* Debug */,
				4AD192CB2C0CEB0000EF34D0 /* Release */,
			);
			defaultConfigurationIsVisible = 0;
			defaultConfigurationName = Release;
		};
		4AD192CC2C0CEB0000EF34D0 /* Build configuration list for PBXNativeTarget "ShopifyUITests" */ = {
			isa = XCConfigurationList;
			buildConfigurations = (
				4AD192CD2C0CEB0000EF34D0 /* Debug */,
				4AD192CE2C0CEB0000EF34D0 /* Release */,
			);
			defaultConfigurationIsVisible = 0;
			defaultConfigurationName = Release;
		};
/* End XCConfigurationList section */

/* Begin XCRemoteSwiftPackageReference section */
		4AD192CF2C0CEDD300EF34D0 /* XCRemoteSwiftPackageReference "realm-swift" */ = {
			isa = XCRemoteSwiftPackageReference;
			repositoryURL = "https://github.com/realm/realm-swift.git";
			requirement = {
				branch = master;
				kind = branch;
			};
		};
		4AD192D22C0CF04200EF34D0 /* XCRemoteSwiftPackageReference "Kingfisher" */ = {
			isa = XCRemoteSwiftPackageReference;
			repositoryURL = "https://github.com/onevcat/Kingfisher.git";
			requirement = {
				kind = upToNextMajorVersion;
				minimumVersion = 7.11.0;
			};
		};
		4AD192D52C0CF40700EF34D0 /* XCRemoteSwiftPackageReference "lottie-ios" */ = {
			isa = XCRemoteSwiftPackageReference;
			repositoryURL = "https://github.com/airbnb/lottie-ios.git";
			requirement = {
				kind = upToNextMajorVersion;
				minimumVersion = 4.4.3;
			};
		};
		4AD192D82C0CF43000EF34D0 /* XCRemoteSwiftPackageReference "RxAlamofire" */ = {
			isa = XCRemoteSwiftPackageReference;
			repositoryURL = "https://github.com/RxSwiftCommunity/RxAlamofire.git";
			requirement = {
				kind = upToNextMajorVersion;
				minimumVersion = 5.2.0;
			};
		};
		4AD192DB2C0CF53900EF34D0 /* XCRemoteSwiftPackageReference "Reachability.swift" */ = {
			isa = XCRemoteSwiftPackageReference;
			repositoryURL = "https://github.com/ashleymills/Reachability.swift.git";
			requirement = {
				branch = master;
				kind = branch;
			};
		};
		4AD192DE2C0CF55B00EF34D0 /* XCRemoteSwiftPackageReference "Cosmos" */ = {
			isa = XCRemoteSwiftPackageReference;
			repositoryURL = "https://github.com/evgenyneu/Cosmos.git";
			requirement = {
				kind = upToNextMajorVersion;
				minimumVersion = 25.0.1;
			};
		};
/* End XCRemoteSwiftPackageReference section */

/* Begin XCSwiftPackageProductDependency section */
		4AD192D02C0CEDD300EF34D0 /* RealmSwift */ = {
			isa = XCSwiftPackageProductDependency;
			package = 4AD192CF2C0CEDD300EF34D0 /* XCRemoteSwiftPackageReference "realm-swift" */;
			productName = RealmSwift;
		};
		4AD192D32C0CF04200EF34D0 /* Kingfisher */ = {
			isa = XCSwiftPackageProductDependency;
			package = 4AD192D22C0CF04200EF34D0 /* XCRemoteSwiftPackageReference "Kingfisher" */;
			productName = Kingfisher;
		};
		4AD192D62C0CF40700EF34D0 /* Lottie */ = {
			isa = XCSwiftPackageProductDependency;
			package = 4AD192D52C0CF40700EF34D0 /* XCRemoteSwiftPackageReference "lottie-ios" */;
			productName = Lottie;
		};
		4AD192D92C0CF43000EF34D0 /* RxAlamofire */ = {
			isa = XCSwiftPackageProductDependency;
			package = 4AD192D82C0CF43000EF34D0 /* XCRemoteSwiftPackageReference "RxAlamofire" */;
			productName = RxAlamofire;
		};
		4AD192DC2C0CF53900EF34D0 /* Reachability */ = {
			isa = XCSwiftPackageProductDependency;
			package = 4AD192DB2C0CF53900EF34D0 /* XCRemoteSwiftPackageReference "Reachability.swift" */;
			productName = Reachability;
		};
		4AD192DF2C0CF55B00EF34D0 /* Cosmos */ = {
			isa = XCSwiftPackageProductDependency;
			package = 4AD192DE2C0CF55B00EF34D0 /* XCRemoteSwiftPackageReference "Cosmos" */;
			productName = Cosmos;
		};
/* End XCSwiftPackageProductDependency section */
	};
	rootObject = 4AD192942C0CEAFA00EF34D0 /* Project object */;
}
